// !$*UTF8*$!
{
	archiveVersion = 1;
	classes = {
	};
	objectVersion = 50;
	objects = {

/* Begin PBXBuildFile section */
		4F05116F256AC1DE00900ACE /* SpriteComponent.swift in Sources */ = {isa = PBXBuildFile; fileRef = 4F05116E256AC1DE00900ACE /* SpriteComponent.swift */; };
		4F051174256AC1FD00900ACE /* Gardener.swift in Sources */ = {isa = PBXBuildFile; fileRef = 4F051173256AC1FD00900ACE /* Gardener.swift */; };
		4F051179256AC23A00900ACE /* EntityManager.swift in Sources */ = {isa = PBXBuildFile; fileRef = 4F051178256AC23A00900ACE /* EntityManager.swift */; };
		4F05117E256AC5EC00900ACE /* GardenerComponent.swift in Sources */ = {isa = PBXBuildFile; fileRef = 4F05117D256AC5EC00900ACE /* GardenerComponent.swift */; };
		4F051183256AC64600900ACE /* TeamComponent.swift in Sources */ = {isa = PBXBuildFile; fileRef = 4F051182256AC64600900ACE /* TeamComponent.swift */; };
		4F051193256AC9A400900ACE /* FallingItem.swift in Sources */ = {isa = PBXBuildFile; fileRef = 4F051192256AC9A400900ACE /* FallingItem.swift */; };
		4F05119B256ACA6900900ACE /* PlayerControlComponent.swift in Sources */ = {isa = PBXBuildFile; fileRef = 4F05119A256ACA6900900ACE /* PlayerControlComponent.swift */; };
		4F0511B0256ACFE600900ACE /* PhysicsComponent.swift in Sources */ = {isa = PBXBuildFile; fileRef = 4F0511AF256ACFE600900ACE /* PhysicsComponent.swift */; };
		4F0511B5256AD20900900ACE /* PositionComponent.swift in Sources */ = {isa = PBXBuildFile; fileRef = 4F0511B4256AD20900900ACE /* PositionComponent.swift */; };
		4F0511BA256AD23E00900ACE /* NodeComponent.swift in Sources */ = {isa = PBXBuildFile; fileRef = 4F0511B9256AD23E00900ACE /* NodeComponent.swift */; };
		4F0511D7256AD55400900ACE /* MovementComponent.swift in Sources */ = {isa = PBXBuildFile; fileRef = 4F0511D6256AD55400900ACE /* MovementComponent.swift */; };
		4F11D7EA255351FB0020B931 /* AppDelegate.swift in Sources */ = {isa = PBXBuildFile; fileRef = 4F11D7E9255351FB0020B931 /* AppDelegate.swift */; };
		4F11D7F2255351FB0020B931 /* GameViewController.swift in Sources */ = {isa = PBXBuildFile; fileRef = 4F11D7F1255351FB0020B931 /* GameViewController.swift */; };
		4F11D7F7255351FC0020B931 /* Assets.xcassets in Resources */ = {isa = PBXBuildFile; fileRef = 4F11D7F6255351FC0020B931 /* Assets.xcassets */; };
		4F11D802255351FC0020B931 /* gardenwarsTests.swift in Sources */ = {isa = PBXBuildFile; fileRef = 4F11D801255351FC0020B931 /* gardenwarsTests.swift */; };
		4F11D80D255351FC0020B931 /* gardenwarsUITests.swift in Sources */ = {isa = PBXBuildFile; fileRef = 4F11D80C255351FC0020B931 /* gardenwarsUITests.swift */; };
		4F30A2122559BC79003981FE /* HealthPoints.swift in Sources */ = {isa = PBXBuildFile; fileRef = 4F30A2112559BC79003981FE /* HealthPoints.swift */; };
		4F30A218255A16A2003981FE /* Flower.swift in Sources */ = {isa = PBXBuildFile; fileRef = 4F30A217255A16A2003981FE /* Flower.swift */; };
		4F30A225255A324B003981FE /* flower.atlas in Resources */ = {isa = PBXBuildFile; fileRef = 4F30A216255A1645003981FE /* flower.atlas */; };
		4F4A7DB12556F97900F59E35 /* MainMenu.swift in Sources */ = {isa = PBXBuildFile; fileRef = 4F4A7DB02556F97900F59E35 /* MainMenu.swift */; };
		4F4A7DBE2556FDF800F59E35 /* Extension.swift in Sources */ = {isa = PBXBuildFile; fileRef = 4F4A7DBD2556FDF800F59E35 /* Extension.swift */; };
		4F4A7DC82556FFE900F59E35 /* GameManager.swift in Sources */ = {isa = PBXBuildFile; fileRef = 4F4A7DC72556FFE900F59E35 /* GameManager.swift */; };
		4F4A7DCD2557007200F59E35 /* GamePlay.swift in Sources */ = {isa = PBXBuildFile; fileRef = 4F4A7DCC2557007200F59E35 /* GamePlay.swift */; };
		4F5F63882565562000103BB7 /* Enemy.swift in Sources */ = {isa = PBXBuildFile; fileRef = 4F5F63872565562000103BB7 /* Enemy.swift */; };
		4F726FE1255C521A004376C5 /* Settings.swift in Sources */ = {isa = PBXBuildFile; fileRef = 4F726FE0255C521A004376C5 /* Settings.swift */; };
		4F726FE9255CAC5B004376C5 /* Platform.swift in Sources */ = {isa = PBXBuildFile; fileRef = 4F726FE8255CAC5B004376C5 /* Platform.swift */; };
		4F726FF9255CD16E004376C5 /* GameOver.swift in Sources */ = {isa = PBXBuildFile; fileRef = 4F726FF8255CD16E004376C5 /* GameOver.swift */; };
		4F7C89EA25586DD90047169C /* LaunchScreen.storyboard in Resources */ = {isa = PBXBuildFile; fileRef = 4F7C89E925586DD90047169C /* LaunchScreen.storyboard */; };
		4FB6B74F2555D81100002B31 /* parker.atlas in Resources */ = {isa = PBXBuildFile; fileRef = 4FB6B74E2555D81100002B31 /* parker.atlas */; };
		4FFDDC202559828C00EB8A28 /* Player.swift in Sources */ = {isa = PBXBuildFile; fileRef = 4FFDDC1F2559828C00EB8A28 /* Player.swift */; };
		4FFDDC3025599A2100EB8A28 /* Level.swift in Sources */ = {isa = PBXBuildFile; fileRef = 4FFDDC2F25599A2100EB8A28 /* Level.swift */; };
		4FFDDC4025599FEC00EB8A28 /* UIControls.swift in Sources */ = {isa = PBXBuildFile; fileRef = 4FFDDC3F25599FEC00EB8A28 /* UIControls.swift */; };
/* End PBXBuildFile section */

/* Begin PBXContainerItemProxy section */
		4F11D7FE255351FC0020B931 /* PBXContainerItemProxy */ = {
			isa = PBXContainerItemProxy;
			containerPortal = 4F11D7DE255351FB0020B931 /* Project object */;
			proxyType = 1;
			remoteGlobalIDString = 4F11D7E5255351FB0020B931;
			remoteInfo = gardenwars;
		};
		4F11D809255351FC0020B931 /* PBXContainerItemProxy */ = {
			isa = PBXContainerItemProxy;
			containerPortal = 4F11D7DE255351FB0020B931 /* Project object */;
			proxyType = 1;
			remoteGlobalIDString = 4F11D7E5255351FB0020B931;
			remoteInfo = gardenwars;
		};
/* End PBXContainerItemProxy section */

/* Begin PBXFileReference section */
		4F05116E256AC1DE00900ACE /* SpriteComponent.swift */ = {isa = PBXFileReference; lastKnownFileType = sourcecode.swift; path = SpriteComponent.swift; sourceTree = "<group>"; };
		4F051173256AC1FD00900ACE /* Gardener.swift */ = {isa = PBXFileReference; lastKnownFileType = sourcecode.swift; path = Gardener.swift; sourceTree = "<group>"; };
		4F051178256AC23A00900ACE /* EntityManager.swift */ = {isa = PBXFileReference; lastKnownFileType = sourcecode.swift; path = EntityManager.swift; sourceTree = "<group>"; };
		4F05117D256AC5EC00900ACE /* GardenerComponent.swift */ = {isa = PBXFileReference; lastKnownFileType = sourcecode.swift; path = GardenerComponent.swift; sourceTree = "<group>"; };
		4F051182256AC64600900ACE /* TeamComponent.swift */ = {isa = PBXFileReference; lastKnownFileType = sourcecode.swift; path = TeamComponent.swift; sourceTree = "<group>"; };
		4F051192256AC9A400900ACE /* FallingItem.swift */ = {isa = PBXFileReference; lastKnownFileType = sourcecode.swift; path = FallingItem.swift; sourceTree = "<group>"; };
		4F05119A256ACA6900900ACE /* PlayerControlComponent.swift */ = {isa = PBXFileReference; lastKnownFileType = sourcecode.swift; path = PlayerControlComponent.swift; sourceTree = "<group>"; };
		4F0511AF256ACFE600900ACE /* PhysicsComponent.swift */ = {isa = PBXFileReference; lastKnownFileType = sourcecode.swift; path = PhysicsComponent.swift; sourceTree = "<group>"; };
		4F0511B4256AD20900900ACE /* PositionComponent.swift */ = {isa = PBXFileReference; lastKnownFileType = sourcecode.swift; path = PositionComponent.swift; sourceTree = "<group>"; };
		4F0511B9256AD23E00900ACE /* NodeComponent.swift */ = {isa = PBXFileReference; lastKnownFileType = sourcecode.swift; path = NodeComponent.swift; sourceTree = "<group>"; };
		4F0511D6256AD55400900ACE /* MovementComponent.swift */ = {isa = PBXFileReference; lastKnownFileType = sourcecode.swift; path = MovementComponent.swift; sourceTree = "<group>"; };
		4F11D7E6255351FB0020B931 /* gardenwars.app */ = {isa = PBXFileReference; explicitFileType = wrapper.application; includeInIndex = 0; path = gardenwars.app; sourceTree = BUILT_PRODUCTS_DIR; };
		4F11D7E9255351FB0020B931 /* AppDelegate.swift */ = {isa = PBXFileReference; lastKnownFileType = sourcecode.swift; path = AppDelegate.swift; sourceTree = "<group>"; };
		4F11D7F1255351FB0020B931 /* GameViewController.swift */ = {isa = PBXFileReference; lastKnownFileType = sourcecode.swift; path = GameViewController.swift; sourceTree = "<group>"; };
		4F11D7F6255351FC0020B931 /* Assets.xcassets */ = {isa = PBXFileReference; lastKnownFileType = folder.assetcatalog; path = Assets.xcassets; sourceTree = "<group>"; };
		4F11D7F8255351FC0020B931 /* Info.plist */ = {isa = PBXFileReference; lastKnownFileType = text.plist.xml; path = Info.plist; sourceTree = "<group>"; };
		4F11D7FD255351FC0020B931 /* gardenwarsTests.xctest */ = {isa = PBXFileReference; explicitFileType = wrapper.cfbundle; includeInIndex = 0; path = gardenwarsTests.xctest; sourceTree = BUILT_PRODUCTS_DIR; };
		4F11D801255351FC0020B931 /* gardenwarsTests.swift */ = {isa = PBXFileReference; lastKnownFileType = sourcecode.swift; path = gardenwarsTests.swift; sourceTree = "<group>"; };
		4F11D803255351FC0020B931 /* Info.plist */ = {isa = PBXFileReference; lastKnownFileType = text.plist.xml; path = Info.plist; sourceTree = "<group>"; };
		4F11D808255351FC0020B931 /* gardenwarsUITests.xctest */ = {isa = PBXFileReference; explicitFileType = wrapper.cfbundle; includeInIndex = 0; path = gardenwarsUITests.xctest; sourceTree = BUILT_PRODUCTS_DIR; };
		4F11D80C255351FC0020B931 /* gardenwarsUITests.swift */ = {isa = PBXFileReference; lastKnownFileType = sourcecode.swift; path = gardenwarsUITests.swift; sourceTree = "<group>"; };
		4F11D80E255351FC0020B931 /* Info.plist */ = {isa = PBXFileReference; lastKnownFileType = text.plist.xml; path = Info.plist; sourceTree = "<group>"; };
		4F30A2112559BC79003981FE /* HealthPoints.swift */ = {isa = PBXFileReference; lastKnownFileType = sourcecode.swift; path = HealthPoints.swift; sourceTree = "<group>"; };
		4F30A216255A1645003981FE /* flower.atlas */ = {isa = PBXFileReference; lastKnownFileType = folder.skatlas; path = flower.atlas; sourceTree = "<group>"; };
		4F30A217255A16A2003981FE /* Flower.swift */ = {isa = PBXFileReference; lastKnownFileType = sourcecode.swift; path = Flower.swift; sourceTree = "<group>"; };
		4F4A7DB02556F97900F59E35 /* MainMenu.swift */ = {isa = PBXFileReference; lastKnownFileType = sourcecode.swift; path = MainMenu.swift; sourceTree = "<group>"; };
		4F4A7DBD2556FDF800F59E35 /* Extension.swift */ = {isa = PBXFileReference; lastKnownFileType = sourcecode.swift; path = Extension.swift; sourceTree = "<group>"; };
		4F4A7DC72556FFE900F59E35 /* GameManager.swift */ = {isa = PBXFileReference; lastKnownFileType = sourcecode.swift; path = GameManager.swift; sourceTree = "<group>"; };
		4F4A7DCC2557007200F59E35 /* GamePlay.swift */ = {isa = PBXFileReference; lastKnownFileType = sourcecode.swift; path = GamePlay.swift; sourceTree = "<group>"; };
		4F5F63872565562000103BB7 /* Enemy.swift */ = {isa = PBXFileReference; lastKnownFileType = sourcecode.swift; path = Enemy.swift; sourceTree = "<group>"; };
		4F726FE0255C521A004376C5 /* Settings.swift */ = {isa = PBXFileReference; lastKnownFileType = sourcecode.swift; path = Settings.swift; sourceTree = "<group>"; };
		4F726FE8255CAC5B004376C5 /* Platform.swift */ = {isa = PBXFileReference; lastKnownFileType = sourcecode.swift; path = Platform.swift; sourceTree = "<group>"; };
		4F726FF8255CD16E004376C5 /* GameOver.swift */ = {isa = PBXFileReference; lastKnownFileType = sourcecode.swift; path = GameOver.swift; sourceTree = "<group>"; };
		4F7C89E925586DD90047169C /* LaunchScreen.storyboard */ = {isa = PBXFileReference; lastKnownFileType = file.storyboard; path = LaunchScreen.storyboard; sourceTree = "<group>"; };
		4FB6B74E2555D81100002B31 /* parker.atlas */ = {isa = PBXFileReference; lastKnownFileType = folder.skatlas; path = parker.atlas; sourceTree = "<group>"; };
		4FFDDC1F2559828C00EB8A28 /* Player.swift */ = {isa = PBXFileReference; lastKnownFileType = sourcecode.swift; path = Player.swift; sourceTree = "<group>"; };
		4FFDDC2F25599A2100EB8A28 /* Level.swift */ = {isa = PBXFileReference; lastKnownFileType = sourcecode.swift; path = Level.swift; sourceTree = "<group>"; };
		4FFDDC3F25599FEC00EB8A28 /* UIControls.swift */ = {isa = PBXFileReference; lastKnownFileType = sourcecode.swift; path = UIControls.swift; sourceTree = "<group>"; };
/* End PBXFileReference section */

/* Begin PBXFrameworksBuildPhase section */
		4F11D7E3255351FB0020B931 /* Frameworks */ = {
			isa = PBXFrameworksBuildPhase;
			buildActionMask = 2147483647;
			files = (
			);
			runOnlyForDeploymentPostprocessing = 0;
		};
		4F11D7FA255351FC0020B931 /* Frameworks */ = {
			isa = PBXFrameworksBuildPhase;
			buildActionMask = 2147483647;
			files = (
			);
			runOnlyForDeploymentPostprocessing = 0;
		};
		4F11D805255351FC0020B931 /* Frameworks */ = {
			isa = PBXFrameworksBuildPhase;
			buildActionMask = 2147483647;
			files = (
			);
			runOnlyForDeploymentPostprocessing = 0;
		};
/* End PBXFrameworksBuildPhase section */

/* Begin PBXGroup section */
		4F051152256ABE7100900ACE /* Screens */ = {
			isa = PBXGroup;
			children = (
				4F7C89E925586DD90047169C /* LaunchScreen.storyboard */,
				4F4A7DCC2557007200F59E35 /* GamePlay.swift */,
				4F726FF8255CD16E004376C5 /* GameOver.swift */,
				4F4A7DB02556F97900F59E35 /* MainMenu.swift */,
				4F726FE0255C521A004376C5 /* Settings.swift */,
			);
			path = Screens;
			sourceTree = "<group>";
		};
		4F051159256ABECB00900ACE /* Entities */ = {
			isa = PBXGroup;
			children = (
				4F051178256AC23A00900ACE /* EntityManager.swift */,
				4F051173256AC1FD00900ACE /* Gardener.swift */,
				4F051192256AC9A400900ACE /* FallingItem.swift */,
			);
			path = Entities;
			sourceTree = "<group>";
		};
		4F05115A256ABED700900ACE /* Components */ = {
			isa = PBXGroup;
			children = (
				4F05117D256AC5EC00900ACE /* GardenerComponent.swift */,
				4F05116E256AC1DE00900ACE /* SpriteComponent.swift */,
				4F051182256AC64600900ACE /* TeamComponent.swift */,
				4F05119A256ACA6900900ACE /* PlayerControlComponent.swift */,
				4F0511AF256ACFE600900ACE /* PhysicsComponent.swift */,
				4F0511B4256AD20900900ACE /* PositionComponent.swift */,
				4F0511B9256AD23E00900ACE /* NodeComponent.swift */,
				4F0511D6256AD55400900ACE /* MovementComponent.swift */,
			);
			path = Components;
			sourceTree = "<group>";
		};
		4F05115B256ABEF000900ACE /* Utils */ = {
			isa = PBXGroup;
			children = (
				4F4A7DC72556FFE900F59E35 /* GameManager.swift */,
				4F4A7DBD2556FDF800F59E35 /* Extension.swift */,
			);
			path = Utils;
			sourceTree = "<group>";
		};
		4F05115C256ABEF900900ACE /* UI */ = {
			isa = PBXGroup;
			children = (
				4F30A2112559BC79003981FE /* HealthPoints.swift */,
				4FFDDC3F25599FEC00EB8A28 /* UIControls.swift */,
			);
			path = UI;
			sourceTree = "<group>";
		};
		4F051163256ABFEC00900ACE /* OLD */ = {
			isa = PBXGroup;
			children = (
				4F30A217255A16A2003981FE /* Flower.swift */,
				4FFDDC1F2559828C00EB8A28 /* Player.swift */,
				4F5F63872565562000103BB7 /* Enemy.swift */,
				4FFDDC2F25599A2100EB8A28 /* Level.swift */,
				4F726FE8255CAC5B004376C5 /* Platform.swift */,
			);
			path = OLD;
			sourceTree = "<group>";
		};
		4F11D7DD255351FB0020B931 = {
			isa = PBXGroup;
			children = (
				4F11D7E8255351FB0020B931 /* gardenwars */,
				4F11D800255351FC0020B931 /* gardenwarsTests */,
				4F11D80B255351FC0020B931 /* gardenwarsUITests */,
				4F11D7E7255351FB0020B931 /* Products */,
			);
			sourceTree = "<group>";
		};
		4F11D7E7255351FB0020B931 /* Products */ = {
			isa = PBXGroup;
			children = (
				4F11D7E6255351FB0020B931 /* gardenwars.app */,
				4F11D7FD255351FC0020B931 /* gardenwarsTests.xctest */,
				4F11D808255351FC0020B931 /* gardenwarsUITests.xctest */,
			);
			name = Products;
			sourceTree = "<group>";
		};
		4F11D7E8255351FB0020B931 /* gardenwars */ = {
			isa = PBXGroup;
			children = (
				4F051163256ABFEC00900ACE /* OLD */,
				4F05115C256ABEF900900ACE /* UI */,
				4F05115B256ABEF000900ACE /* Utils */,
				4F05115A256ABED700900ACE /* Components */,
				4F051159256ABECB00900ACE /* Entities */,
				4F051152256ABE7100900ACE /* Screens */,
				4F11D7E9255351FB0020B931 /* AppDelegate.swift */,
				4F11D7F1255351FB0020B931 /* GameViewController.swift */,
				4F11D7F8255351FC0020B931 /* Info.plist */,
				4F11D7F6255351FC0020B931 /* Assets.xcassets */,
				4F30A216255A1645003981FE /* flower.atlas */,
				4FB6B74E2555D81100002B31 /* parker.atlas */,
			);
			path = gardenwars;
			sourceTree = "<group>";
		};
		4F11D800255351FC0020B931 /* gardenwarsTests */ = {
			isa = PBXGroup;
			children = (
				4F11D801255351FC0020B931 /* gardenwarsTests.swift */,
				4F11D803255351FC0020B931 /* Info.plist */,
			);
			path = gardenwarsTests;
			sourceTree = "<group>";
		};
		4F11D80B255351FC0020B931 /* gardenwarsUITests */ = {
			isa = PBXGroup;
			children = (
				4F11D80C255351FC0020B931 /* gardenwarsUITests.swift */,
				4F11D80E255351FC0020B931 /* Info.plist */,
			);
			path = gardenwarsUITests;
			sourceTree = "<group>";
		};
/* End PBXGroup section */

/* Begin PBXNativeTarget section */
		4F11D7E5255351FB0020B931 /* gardenwars */ = {
			isa = PBXNativeTarget;
			buildConfigurationList = 4F11D811255351FC0020B931 /* Build configuration list for PBXNativeTarget "gardenwars" */;
			buildPhases = (
				4F11D7E2255351FB0020B931 /* Sources */,
				4F11D7E3255351FB0020B931 /* Frameworks */,
				4F11D7E4255351FB0020B931 /* Resources */,
			);
			buildRules = (
			);
			dependencies = (
			);
			name = gardenwars;
			productName = gardenwars;
			productReference = 4F11D7E6255351FB0020B931 /* gardenwars.app */;
			productType = "com.apple.product-type.application";
		};
		4F11D7FC255351FC0020B931 /* gardenwarsTests */ = {
			isa = PBXNativeTarget;
			buildConfigurationList = 4F11D814255351FC0020B931 /* Build configuration list for PBXNativeTarget "gardenwarsTests" */;
			buildPhases = (
				4F11D7F9255351FC0020B931 /* Sources */,
				4F11D7FA255351FC0020B931 /* Frameworks */,
				4F11D7FB255351FC0020B931 /* Resources */,
			);
			buildRules = (
			);
			dependencies = (
				4F11D7FF255351FC0020B931 /* PBXTargetDependency */,
			);
			name = gardenwarsTests;
			productName = gardenwarsTests;
			productReference = 4F11D7FD255351FC0020B931 /* gardenwarsTests.xctest */;
			productType = "com.apple.product-type.bundle.unit-test";
		};
		4F11D807255351FC0020B931 /* gardenwarsUITests */ = {
			isa = PBXNativeTarget;
			buildConfigurationList = 4F11D817255351FC0020B931 /* Build configuration list for PBXNativeTarget "gardenwarsUITests" */;
			buildPhases = (
				4F11D804255351FC0020B931 /* Sources */,
				4F11D805255351FC0020B931 /* Frameworks */,
				4F11D806255351FC0020B931 /* Resources */,
			);
			buildRules = (
			);
			dependencies = (
				4F11D80A255351FC0020B931 /* PBXTargetDependency */,
			);
			name = gardenwarsUITests;
			productName = gardenwarsUITests;
			productReference = 4F11D808255351FC0020B931 /* gardenwarsUITests.xctest */;
			productType = "com.apple.product-type.bundle.ui-testing";
		};
/* End PBXNativeTarget section */

/* Begin PBXProject section */
		4F11D7DE255351FB0020B931 /* Project object */ = {
			isa = PBXProject;
			attributes = {
				LastSwiftUpdateCheck = 1220;
				LastUpgradeCheck = 1220;
				TargetAttributes = {
					4F11D7E5255351FB0020B931 = {
						CreatedOnToolsVersion = 12.2;
					};
					4F11D7FC255351FC0020B931 = {
						CreatedOnToolsVersion = 12.2;
						TestTargetID = 4F11D7E5255351FB0020B931;
					};
					4F11D807255351FC0020B931 = {
						CreatedOnToolsVersion = 12.2;
						TestTargetID = 4F11D7E5255351FB0020B931;
					};
				};
			};
			buildConfigurationList = 4F11D7E1255351FB0020B931 /* Build configuration list for PBXProject "gardenwars" */;
			compatibilityVersion = "Xcode 9.3";
			developmentRegion = en;
			hasScannedForEncodings = 0;
			knownRegions = (
				en,
				Base,
			);
			mainGroup = 4F11D7DD255351FB0020B931;
			productRefGroup = 4F11D7E7255351FB0020B931 /* Products */;
			projectDirPath = "";
			projectRoot = "";
			targets = (
				4F11D7E5255351FB0020B931 /* gardenwars */,
				4F11D7FC255351FC0020B931 /* gardenwarsTests */,
				4F11D807255351FC0020B931 /* gardenwarsUITests */,
			);
		};
/* End PBXProject section */

/* Begin PBXResourcesBuildPhase section */
		4F11D7E4255351FB0020B931 /* Resources */ = {
			isa = PBXResourcesBuildPhase;
			buildActionMask = 2147483647;
			files = (
				4F7C89EA25586DD90047169C /* LaunchScreen.storyboard in Resources */,
				4F30A225255A324B003981FE /* flower.atlas in Resources */,
				4F11D7F7255351FC0020B931 /* Assets.xcassets in Resources */,
				4FB6B74F2555D81100002B31 /* parker.atlas in Resources */,
			);
			runOnlyForDeploymentPostprocessing = 0;
		};
		4F11D7FB255351FC0020B931 /* Resources */ = {
			isa = PBXResourcesBuildPhase;
			buildActionMask = 2147483647;
			files = (
			);
			runOnlyForDeploymentPostprocessing = 0;
		};
		4F11D806255351FC0020B931 /* Resources */ = {
			isa = PBXResourcesBuildPhase;
			buildActionMask = 2147483647;
			files = (
			);
			runOnlyForDeploymentPostprocessing = 0;
		};
/* End PBXResourcesBuildPhase section */

/* Begin PBXSourcesBuildPhase section */
		4F11D7E2255351FB0020B931 /* Sources */ = {
			isa = PBXSourcesBuildPhase;
			buildActionMask = 2147483647;
			files = (
				4F0511BA256AD23E00900ACE /* NodeComponent.swift in Sources */,
				4F051183256AC64600900ACE /* TeamComponent.swift in Sources */,
				4F726FE9255CAC5B004376C5 /* Platform.swift in Sources */,
				4F05117E256AC5EC00900ACE /* GardenerComponent.swift in Sources */,
				4F051174256AC1FD00900ACE /* Gardener.swift in Sources */,
				4F4A7DC82556FFE900F59E35 /* GameManager.swift in Sources */,
				4F4A7DB12556F97900F59E35 /* MainMenu.swift in Sources */,
				4F726FE1255C521A004376C5 /* Settings.swift in Sources */,
				4F0511B0256ACFE600900ACE /* PhysicsComponent.swift in Sources */,
				4F30A218255A16A2003981FE /* Flower.swift in Sources */,
				4FFDDC3025599A2100EB8A28 /* Level.swift in Sources */,
				4F051179256AC23A00900ACE /* EntityManager.swift in Sources */,
				4F4A7DBE2556FDF800F59E35 /* Extension.swift in Sources */,
				4F5F63882565562000103BB7 /* Enemy.swift in Sources */,
				4F05116F256AC1DE00900ACE /* SpriteComponent.swift in Sources */,
				4FFDDC202559828C00EB8A28 /* Player.swift in Sources */,
				4F4A7DCD2557007200F59E35 /* GamePlay.swift in Sources */,
				4F051193256AC9A400900ACE /* FallingItem.swift in Sources */,
				4F30A2122559BC79003981FE /* HealthPoints.swift in Sources */,
				4F0511B5256AD20900900ACE /* PositionComponent.swift in Sources */,
				4FFDDC4025599FEC00EB8A28 /* UIControls.swift in Sources */,
				4F05119B256ACA6900900ACE /* PlayerControlComponent.swift in Sources */,
				4F0511D7256AD55400900ACE /* MovementComponent.swift in Sources */,
				4F11D7F2255351FB0020B931 /* GameViewController.swift in Sources */,
				4F11D7EA255351FB0020B931 /* AppDelegate.swift in Sources */,
				4F726FF9255CD16E004376C5 /* GameOver.swift in Sources */,
			);
			runOnlyForDeploymentPostprocessing = 0;
		};
		4F11D7F9255351FC0020B931 /* Sources */ = {
			isa = PBXSourcesBuildPhase;
			buildActionMask = 2147483647;
			files = (
				4F11D802255351FC0020B931 /* gardenwarsTests.swift in Sources */,
			);
			runOnlyForDeploymentPostprocessing = 0;
		};
		4F11D804255351FC0020B931 /* Sources */ = {
			isa = PBXSourcesBuildPhase;
			buildActionMask = 2147483647;
			files = (
				4F11D80D255351FC0020B931 /* gardenwarsUITests.swift in Sources */,
			);
			runOnlyForDeploymentPostprocessing = 0;
		};
/* End PBXSourcesBuildPhase section */

/* Begin PBXTargetDependency section */
		4F11D7FF255351FC0020B931 /* PBXTargetDependency */ = {
			isa = PBXTargetDependency;
			target = 4F11D7E5255351FB0020B931 /* gardenwars */;
			targetProxy = 4F11D7FE255351FC0020B931 /* PBXContainerItemProxy */;
		};
		4F11D80A255351FC0020B931 /* PBXTargetDependency */ = {
			isa = PBXTargetDependency;
			target = 4F11D7E5255351FB0020B931 /* gardenwars */;
			targetProxy = 4F11D809255351FC0020B931 /* PBXContainerItemProxy */;
		};
/* End PBXTargetDependency section */

/* Begin XCBuildConfiguration section */
		4F11D80F255351FC0020B931 /* Debug */ = {
			isa = XCBuildConfiguration;
			buildSettings = {
				ALWAYS_SEARCH_USER_PATHS = NO;
				CLANG_ANALYZER_NONNULL = YES;
				CLANG_ANALYZER_NUMBER_OBJECT_CONVERSION = YES_AGGRESSIVE;
				CLANG_CXX_LANGUAGE_STANDARD = "gnu++14";
				CLANG_CXX_LIBRARY = "libc++";
				CLANG_ENABLE_MODULES = YES;
				CLANG_ENABLE_OBJC_ARC = YES;
				CLANG_ENABLE_OBJC_WEAK = YES;
				CLANG_WARN_BLOCK_CAPTURE_AUTORELEASING = YES;
				CLANG_WARN_BOOL_CONVERSION = YES;
				CLANG_WARN_COMMA = YES;
				CLANG_WARN_CONSTANT_CONVERSION = YES;
				CLANG_WARN_DEPRECATED_OBJC_IMPLEMENTATIONS = YES;
				CLANG_WARN_DIRECT_OBJC_ISA_USAGE = YES_ERROR;
				CLANG_WARN_DOCUMENTATION_COMMENTS = YES;
				CLANG_WARN_EMPTY_BODY = YES;
				CLANG_WARN_ENUM_CONVERSION = YES;
				CLANG_WARN_INFINITE_RECURSION = YES;
				CLANG_WARN_INT_CONVERSION = YES;
				CLANG_WARN_NON_LITERAL_NULL_CONVERSION = YES;
				CLANG_WARN_OBJC_IMPLICIT_RETAIN_SELF = YES;
				CLANG_WARN_OBJC_LITERAL_CONVERSION = YES;
				CLANG_WARN_OBJC_ROOT_CLASS = YES_ERROR;
				CLANG_WARN_QUOTED_INCLUDE_IN_FRAMEWORK_HEADER = YES;
				CLANG_WARN_RANGE_LOOP_ANALYSIS = YES;
				CLANG_WARN_STRICT_PROTOTYPES = YES;
				CLANG_WARN_SUSPICIOUS_MOVE = YES;
				CLANG_WARN_UNGUARDED_AVAILABILITY = YES_AGGRESSIVE;
				CLANG_WARN_UNREACHABLE_CODE = YES;
				CLANG_WARN__DUPLICATE_METHOD_MATCH = YES;
				COPY_PHASE_STRIP = NO;
				DEBUG_INFORMATION_FORMAT = dwarf;
				ENABLE_STRICT_OBJC_MSGSEND = YES;
				ENABLE_TESTABILITY = YES;
				GCC_C_LANGUAGE_STANDARD = gnu11;
				GCC_DYNAMIC_NO_PIC = NO;
				GCC_NO_COMMON_BLOCKS = YES;
				GCC_OPTIMIZATION_LEVEL = 0;
				GCC_PREPROCESSOR_DEFINITIONS = (
					"DEBUG=1",
					"$(inherited)",
				);
				GCC_WARN_64_TO_32_BIT_CONVERSION = YES;
				GCC_WARN_ABOUT_RETURN_TYPE = YES_ERROR;
				GCC_WARN_UNDECLARED_SELECTOR = YES;
				GCC_WARN_UNINITIALIZED_AUTOS = YES_AGGRESSIVE;
				GCC_WARN_UNUSED_FUNCTION = YES;
				GCC_WARN_UNUSED_VARIABLE = YES;
				IPHONEOS_DEPLOYMENT_TARGET = 14.0;
				MTL_ENABLE_DEBUG_INFO = INCLUDE_SOURCE;
				MTL_FAST_MATH = YES;
				ONLY_ACTIVE_ARCH = YES;
				SDKROOT = iphoneos;
				SWIFT_ACTIVE_COMPILATION_CONDITIONS = DEBUG;
				SWIFT_OPTIMIZATION_LEVEL = "-Onone";
			};
			name = Debug;
		};
		4F11D810255351FC0020B931 /* Release */ = {
			isa = XCBuildConfiguration;
			buildSettings = {
				ALWAYS_SEARCH_USER_PATHS = NO;
				CLANG_ANALYZER_NONNULL = YES;
				CLANG_ANALYZER_NUMBER_OBJECT_CONVERSION = YES_AGGRESSIVE;
				CLANG_CXX_LANGUAGE_STANDARD = "gnu++14";
				CLANG_CXX_LIBRARY = "libc++";
				CLANG_ENABLE_MODULES = YES;
				CLANG_ENABLE_OBJC_ARC = YES;
				CLANG_ENABLE_OBJC_WEAK = YES;
				CLANG_WARN_BLOCK_CAPTURE_AUTORELEASING = YES;
				CLANG_WARN_BOOL_CONVERSION = YES;
				CLANG_WARN_COMMA = YES;
				CLANG_WARN_CONSTANT_CONVERSION = YES;
				CLANG_WARN_DEPRECATED_OBJC_IMPLEMENTATIONS = YES;
				CLANG_WARN_DIRECT_OBJC_ISA_USAGE = YES_ERROR;
				CLANG_WARN_DOCUMENTATION_COMMENTS = YES;
				CLANG_WARN_EMPTY_BODY = YES;
				CLANG_WARN_ENUM_CONVERSION = YES;
				CLANG_WARN_INFINITE_RECURSION = YES;
				CLANG_WARN_INT_CONVERSION = YES;
				CLANG_WARN_NON_LITERAL_NULL_CONVERSION = YES;
				CLANG_WARN_OBJC_IMPLICIT_RETAIN_SELF = YES;
				CLANG_WARN_OBJC_LITERAL_CONVERSION = YES;
				CLANG_WARN_OBJC_ROOT_CLASS = YES_ERROR;
				CLANG_WARN_QUOTED_INCLUDE_IN_FRAMEWORK_HEADER = YES;
				CLANG_WARN_RANGE_LOOP_ANALYSIS = YES;
				CLANG_WARN_STRICT_PROTOTYPES = YES;
				CLANG_WARN_SUSPICIOUS_MOVE = YES;
				CLANG_WARN_UNGUARDED_AVAILABILITY = YES_AGGRESSIVE;
				CLANG_WARN_UNREACHABLE_CODE = YES;
				CLANG_WARN__DUPLICATE_METHOD_MATCH = YES;
				COPY_PHASE_STRIP = NO;
				DEBUG_INFORMATION_FORMAT = "dwarf-with-dsym";
				ENABLE_NS_ASSERTIONS = NO;
				ENABLE_STRICT_OBJC_MSGSEND = YES;
				GCC_C_LANGUAGE_STANDARD = gnu11;
				GCC_NO_COMMON_BLOCKS = YES;
				GCC_WARN_64_TO_32_BIT_CONVERSION = YES;
				GCC_WARN_ABOUT_RETURN_TYPE = YES_ERROR;
				GCC_WARN_UNDECLARED_SELECTOR = YES;
				GCC_WARN_UNINITIALIZED_AUTOS = YES_AGGRESSIVE;
				GCC_WARN_UNUSED_FUNCTION = YES;
				GCC_WARN_UNUSED_VARIABLE = YES;
				IPHONEOS_DEPLOYMENT_TARGET = 14.0;
				MTL_ENABLE_DEBUG_INFO = NO;
				MTL_FAST_MATH = YES;
				SDKROOT = iphoneos;
				SWIFT_COMPILATION_MODE = wholemodule;
				SWIFT_OPTIMIZATION_LEVEL = "-O";
				VALIDATE_PRODUCT = YES;
			};
			name = Release;
		};
		4F11D812255351FC0020B931 /* Debug */ = {
			isa = XCBuildConfiguration;
			buildSettings = {
				ASSETCATALOG_COMPILER_APPICON_NAME = AppIcon;
				ASSETCATALOG_COMPILER_GLOBAL_ACCENT_COLOR_NAME = AccentColor;
				CODE_SIGN_STYLE = Automatic;
				DEVELOPMENT_TEAM = L9SZVFV7MR;
				INFOPLIST_FILE = gardenwars/Info.plist;
				LD_RUNPATH_SEARCH_PATHS = (
					"$(inherited)",
					"@executable_path/Frameworks",
				);
				PRODUCT_BUNDLE_IDENTIFIER = com.parkercoop.gardenwars;
				PRODUCT_NAME = "$(TARGET_NAME)";
				SWIFT_VERSION = 5.0;
				TARGETED_DEVICE_FAMILY = "1,2";
			};
			name = Debug;
		};
		4F11D813255351FC0020B931 /* Release */ = {
			isa = XCBuildConfiguration;
			buildSettings = {
				ASSETCATALOG_COMPILER_APPICON_NAME = AppIcon;
				ASSETCATALOG_COMPILER_GLOBAL_ACCENT_COLOR_NAME = AccentColor;
				CODE_SIGN_STYLE = Automatic;
				DEVELOPMENT_TEAM = L9SZVFV7MR;
				INFOPLIST_FILE = gardenwars/Info.plist;
				LD_RUNPATH_SEARCH_PATHS = (
					"$(inherited)",
					"@executable_path/Frameworks",
				);
				PRODUCT_BUNDLE_IDENTIFIER = com.parkercoop.gardenwars;
				PRODUCT_NAME = "$(TARGET_NAME)";
				SWIFT_VERSION = 5.0;
				TARGETED_DEVICE_FAMILY = "1,2";
			};
			name = Release;
		};
		4F11D815255351FC0020B931 /* Debug */ = {
			isa = XCBuildConfiguration;
			buildSettings = {
				ALWAYS_EMBED_SWIFT_STANDARD_LIBRARIES = YES;
				BUNDLE_LOADER = "$(TEST_HOST)";
				CODE_SIGN_STYLE = Automatic;
				DEVELOPMENT_TEAM = L9SZVFV7MR;
				INFOPLIST_FILE = gardenwarsTests/Info.plist;
				IPHONEOS_DEPLOYMENT_TARGET = 14.0;
				LD_RUNPATH_SEARCH_PATHS = (
					"$(inherited)",
					"@executable_path/Frameworks",
					"@loader_path/Frameworks",
				);
				PRODUCT_BUNDLE_IDENTIFIER = com.parkercoop.gardenwarsTests;
				PRODUCT_NAME = "$(TARGET_NAME)";
				SWIFT_VERSION = 5.0;
				TARGETED_DEVICE_FAMILY = "1,2";
				TEST_HOST = "$(BUILT_PRODUCTS_DIR)/gardenwars.app/gardenwars";
			};
			name = Debug;
		};
		4F11D816255351FC0020B931 /* Release */ = {
			isa = XCBuildConfiguration;
			buildSettings = {
				ALWAYS_EMBED_SWIFT_STANDARD_LIBRARIES = YES;
				BUNDLE_LOADER = "$(TEST_HOST)";
				CODE_SIGN_STYLE = Automatic;
				DEVELOPMENT_TEAM = L9SZVFV7MR;
				INFOPLIST_FILE = gardenwarsTests/Info.plist;
				IPHONEOS_DEPLOYMENT_TARGET = 14.0;
				LD_RUNPATH_SEARCH_PATHS = (
					"$(inherited)",
					"@executable_path/Frameworks",
					"@loader_path/Frameworks",
				);
				PRODUCT_BUNDLE_IDENTIFIER = com.parkercoop.gardenwarsTests;
				PRODUCT_NAME = "$(TARGET_NAME)";
				SWIFT_VERSION = 5.0;
				TARGETED_DEVICE_FAMILY = "1,2";
				TEST_HOST = "$(BUILT_PRODUCTS_DIR)/gardenwars.app/gardenwars";
			};
			name = Release;
		};
		4F11D818255351FC0020B931 /* Debug */ = {
			isa = XCBuildConfiguration;
			buildSettings = {
				ALWAYS_EMBED_SWIFT_STANDARD_LIBRARIES = YES;
				CODE_SIGN_STYLE = Automatic;
				DEVELOPMENT_TEAM = L9SZVFV7MR;
				INFOPLIST_FILE = gardenwarsUITests/Info.plist;
				LD_RUNPATH_SEARCH_PATHS = (
					"$(inherited)",
					"@executable_path/Frameworks",
					"@loader_path/Frameworks",
				);
				PRODUCT_BUNDLE_IDENTIFIER = com.parkercoop.gardenwarsUITests;
				PRODUCT_NAME = "$(TARGET_NAME)";
				SWIFT_VERSION = 5.0;
				TARGETED_DEVICE_FAMILY = "1,2";
				TEST_TARGET_NAME = gardenwars;
			};
			name = Debug;
		};
		4F11D819255351FC0020B931 /* Release */ = {
			isa = XCBuildConfiguration;
			buildSettings = {
				ALWAYS_EMBED_SWIFT_STANDARD_LIBRARIES = YES;
				CODE_SIGN_STYLE = Automatic;
				DEVELOPMENT_TEAM = L9SZVFV7MR;
				INFOPLIST_FILE = gardenwarsUITests/Info.plist;
				LD_RUNPATH_SEARCH_PATHS = (
					"$(inherited)",
					"@executable_path/Frameworks",
					"@loader_path/Frameworks",
				);
				PRODUCT_BUNDLE_IDENTIFIER = com.parkercoop.gardenwarsUITests;
				PRODUCT_NAME = "$(TARGET_NAME)";
				SWIFT_VERSION = 5.0;
				TARGETED_DEVICE_FAMILY = "1,2";
				TEST_TARGET_NAME = gardenwars;
			};
			name = Release;
		};
/* End XCBuildConfiguration section */

/* Begin XCConfigurationList section */
		4F11D7E1255351FB0020B931 /* Build configuration list for PBXProject "gardenwars" */ = {
			isa = XCConfigurationList;
			buildConfigurations = (
				4F11D80F255351FC0020B931 /* Debug */,
				4F11D810255351FC0020B931 /* Release */,
			);
			defaultConfigurationIsVisible = 0;
			defaultConfigurationName = Release;
		};
		4F11D811255351FC0020B931 /* Build configuration list for PBXNativeTarget "gardenwars" */ = {
			isa = XCConfigurationList;
			buildConfigurations = (
				4F11D812255351FC0020B931 /* Debug */,
				4F11D813255351FC0020B931 /* Release */,
			);
			defaultConfigurationIsVisible = 0;
			defaultConfigurationName = Release;
		};
		4F11D814255351FC0020B931 /* Build configuration list for PBXNativeTarget "gardenwarsTests" */ = {
			isa = XCConfigurationList;
			buildConfigurations = (
				4F11D815255351FC0020B931 /* Debug */,
				4F11D816255351FC0020B931 /* Release */,
			);
			defaultConfigurationIsVisible = 0;
			defaultConfigurationName = Release;
		};
		4F11D817255351FC0020B931 /* Build configuration list for PBXNativeTarget "gardenwarsUITests" */ = {
			isa = XCConfigurationList;
			buildConfigurations = (
				4F11D818255351FC0020B931 /* Debug */,
				4F11D819255351FC0020B931 /* Release */,
			);
			defaultConfigurationIsVisible = 0;
			defaultConfigurationName = Release;
		};
/* End XCConfigurationList section */
	};
	rootObject = 4F11D7DE255351FB0020B931 /* Project object */;
}
