// !$*UTF8*$!
{
	archiveVersion = 1;
	classes = {
	};
	objectVersion = 50;
	objects = {

/* Begin PBXBuildFile section */
		4F05116F256AC1DE00900ACE /* SpriteComponent.swift in Sources */ = {isa = PBXBuildFile; fileRef = 4F05116E256AC1DE00900ACE /* SpriteComponent.swift */; };
		4F051174256AC1FD00900ACE /* Gardener.swift in Sources */ = {isa = PBXBuildFile; fileRef = 4F051173256AC1FD00900ACE /* Gardener.swift */; };
		4F051179256AC23A00900ACE /* EntityManager.swift in Sources */ = {isa = PBXBuildFile; fileRef = 4F051178256AC23A00900ACE /* EntityManager.swift */; };
		4F05117E256AC5EC00900ACE /* GardenerComponent.swift in Sources */ = {isa = PBXBuildFile; fileRef = 4F05117D256AC5EC00900ACE /* GardenerComponent.swift */; };
		4F051183256AC64600900ACE /* TeamComponent.swift in Sources */ = {isa = PBXBuildFile; fileRef = 4F051182256AC64600900ACE /* TeamComponent.swift */; };
		4F051193256AC9A400900ACE /* FallingItem.swift in Sources */ = {isa = PBXBuildFile; fileRef = 4F051192256AC9A400900ACE /* FallingItem.swift */; };
		4F0511D7256AD55400900ACE /* MovementComponent.swift in Sources */ = {isa = PBXBuildFile; fileRef = 4F0511D6256AD55400900ACE /* MovementComponent.swift */; };
		4F11D7EA255351FB0020B931 /* AppDelegate.swift in Sources */ = {isa = PBXBuildFile; fileRef = 4F11D7E9255351FB0020B931 /* AppDelegate.swift */; };
		4F11D7F2255351FB0020B931 /* GameViewController.swift in Sources */ = {isa = PBXBuildFile; fileRef = 4F11D7F1255351FB0020B931 /* GameViewController.swift */; };
		4F11D7F7255351FC0020B931 /* Assets.xcassets in Resources */ = {isa = PBXBuildFile; fileRef = 4F11D7F6255351FC0020B931 /* Assets.xcassets */; };
		4F11D802255351FC0020B931 /* gardenwarsTests.swift in Sources */ = {isa = PBXBuildFile; fileRef = 4F11D801255351FC0020B931 /* gardenwarsTests.swift */; };
		4F11D80D255351FC0020B931 /* gardenwarsUITests.swift in Sources */ = {isa = PBXBuildFile; fileRef = 4F11D80C255351FC0020B931 /* gardenwarsUITests.swift */; };
		4F12D1B4257C448C005D3B7F /* Level2.sks in Resources */ = {isa = PBXBuildFile; fileRef = 4F12D1B3257C448C005D3B7F /* Level2.sks */; };
		4F12D1BC257C4961005D3B7F /* Level3.sks in Resources */ = {isa = PBXBuildFile; fileRef = 4F12D1BB257C4961005D3B7F /* Level3.sks */; };
		4F12D1CC257C7BB9005D3B7F /* darla.atlas in Resources */ = {isa = PBXBuildFile; fileRef = 4F12D1CB257C7BB9005D3B7F /* darla.atlas */; };
		4F1D58FC257D26B9009B9D89 /* 8-bit-pusab.ttf in Resources */ = {isa = PBXBuildFile; fileRef = 4F1D58FB257D26B9009B9D89 /* 8-bit-pusab.ttf */; };
		4F2BCE7D2575924D00347D52 /* PhysicsComponent.swift in Sources */ = {isa = PBXBuildFile; fileRef = 4F2BCE7C2575924D00347D52 /* PhysicsComponent.swift */; };
		4F2BCE822575B47500347D52 /* GardeningState.swift in Sources */ = {isa = PBXBuildFile; fileRef = 4F2BCE812575B47500347D52 /* GardeningState.swift */; };
		4F30A2122559BC79003981FE /* HealthPoints.swift in Sources */ = {isa = PBXBuildFile; fileRef = 4F30A2112559BC79003981FE /* HealthPoints.swift */; };
		4F30A218255A16A2003981FE /* Flower.swift in Sources */ = {isa = PBXBuildFile; fileRef = 4F30A217255A16A2003981FE /* Flower.swift */; };
		4F30A225255A324B003981FE /* flower.atlas in Resources */ = {isa = PBXBuildFile; fileRef = 4F30A216255A1645003981FE /* flower.atlas */; };
		4F3BB686257D744200122F25 /* EnemyCoinDisplayComponent.swift in Sources */ = {isa = PBXBuildFile; fileRef = 4F3BB685257D744200122F25 /* EnemyCoinDisplayComponent.swift */; };
		4F3BB6A7257EDDE100122F25 /* GameKit.framework in Frameworks */ = {isa = PBXBuildFile; fileRef = 4F3BB6A6257EDDE100122F25 /* GameKit.framework */; };
		4F3BB6B4257F028100122F25 /* Level1-medium.sks in Resources */ = {isa = PBXBuildFile; fileRef = 4F3BB6B3257F028100122F25 /* Level1-medium.sks */; };
		4F3BB6BC257F052100122F25 /* Level2-medium.sks in Resources */ = {isa = PBXBuildFile; fileRef = 4F3BB6BB257F052100122F25 /* Level2-medium.sks */; };
		4F3BB6C1257F053000122F25 /* Level3-medium.sks in Resources */ = {isa = PBXBuildFile; fileRef = 4F3BB6C0257F053000122F25 /* Level3-medium.sks */; };
		4F3BB6C62580563100122F25 /* yellowcopter.wav in Resources */ = {isa = PBXBuildFile; fileRef = 4F3BB6C52580563100122F25 /* yellowcopter.wav */; };
		4F3BB6CF25805CDE00122F25 /* AVFoundation.framework in Frameworks */ = {isa = PBXBuildFile; fileRef = 4F3BB6CE25805CDE00122F25 /* AVFoundation.framework */; };
		4F3BB6D42580616B00122F25 /* yellowcopter-sting.wav in Resources */ = {isa = PBXBuildFile; fileRef = 4F3BB6D32580616B00122F25 /* yellowcopter-sting.wav */; };
		4F3BB6DB258065BA00122F25 /* electrocute.mp3 in Resources */ = {isa = PBXBuildFile; fileRef = 4F3BB6D8258065BA00122F25 /* electrocute.mp3 */; };
		4F3BB6DC258065BA00122F25 /* menutheme.wav in Resources */ = {isa = PBXBuildFile; fileRef = 4F3BB6D9258065BA00122F25 /* menutheme.wav */; };
		4F3BB6DD258065BA00122F25 /* knockout.wav in Resources */ = {isa = PBXBuildFile; fileRef = 4F3BB6DA258065BA00122F25 /* knockout.wav */; };
		4F3BB6E42580743500122F25 /* nextstage.wav in Resources */ = {isa = PBXBuildFile; fileRef = 4F3BB6E12580743500122F25 /* nextstage.wav */; };
		4F3BB6E52580743500122F25 /* flowergrowth.wav in Resources */ = {isa = PBXBuildFile; fileRef = 4F3BB6E22580743500122F25 /* flowergrowth.wav */; };
		4F3BB6E62580743500122F25 /* flowercomplete.wav in Resources */ = {isa = PBXBuildFile; fileRef = 4F3BB6E32580743500122F25 /* flowercomplete.wav */; };
		4F41F6EA256B382100F29D54 /* EnemyAgentComponent.swift in Sources */ = {isa = PBXBuildFile; fileRef = 4F41F6E9256B382100F29D54 /* EnemyAgentComponent.swift */; };
		4F41F6F0256B5BF000F29D54 /* FallingItemComponent.swift in Sources */ = {isa = PBXBuildFile; fileRef = 4F41F6EF256B5BF000F29D54 /* FallingItemComponent.swift */; };
		4F4A7DB12556F97900F59E35 /* MainMenu.swift in Sources */ = {isa = PBXBuildFile; fileRef = 4F4A7DB02556F97900F59E35 /* MainMenu.swift */; };
		4F4A7DBE2556FDF800F59E35 /* Extension.swift in Sources */ = {isa = PBXBuildFile; fileRef = 4F4A7DBD2556FDF800F59E35 /* Extension.swift */; };
		4F4A7DC82556FFE900F59E35 /* GameManager.swift in Sources */ = {isa = PBXBuildFile; fileRef = 4F4A7DC72556FFE900F59E35 /* GameManager.swift */; };
		4F4A7DCD2557007200F59E35 /* GamePlay.swift in Sources */ = {isa = PBXBuildFile; fileRef = 4F4A7DCC2557007200F59E35 /* GamePlay.swift */; };
		4F5126EE256C8AA00024262D /* NormalState.swift in Sources */ = {isa = PBXBuildFile; fileRef = 4F5126ED256C8AA00024262D /* NormalState.swift */; };
		4F5126F6256C8B960024262D /* HoldingItemState.swift in Sources */ = {isa = PBXBuildFile; fileRef = 4F5126F5256C8B960024262D /* HoldingItemState.swift */; };
		4F512700256E8BCD0024262D /* Level1.sks in Resources */ = {isa = PBXBuildFile; fileRef = 4F5126FF256E8BCD0024262D /* Level1.sks */; };
		4F616AC0258259AA00DBD2BC /* Level1-large.sks in Resources */ = {isa = PBXBuildFile; fileRef = 4F616ABF258259AA00DBD2BC /* Level1-large.sks */; };
		4F616AC825825B5B00DBD2BC /* Level2-large.sks in Resources */ = {isa = PBXBuildFile; fileRef = 4F616AC725825B5B00DBD2BC /* Level2-large.sks */; };
		4F616AD025825B9500DBD2BC /* Level3-large.sks in Resources */ = {isa = PBXBuildFile; fileRef = 4F616ACF25825B9500DBD2BC /* Level3-large.sks */; };
		4F6EDB38257A773A0000AA48 /* enemy.atlas in Resources */ = {isa = PBXBuildFile; fileRef = 4F6EDB37257A773A0000AA48 /* enemy.atlas */; };
		4F726FE1255C521A004376C5 /* PauseScreenOverlay.swift in Sources */ = {isa = PBXBuildFile; fileRef = 4F726FE0255C521A004376C5 /* PauseScreenOverlay.swift */; };
		4F726FF9255CD16E004376C5 /* GameOver.swift in Sources */ = {isa = PBXBuildFile; fileRef = 4F726FF8255CD16E004376C5 /* GameOver.swift */; };
		4F7C89EA25586DD90047169C /* LaunchScreen.storyboard in Resources */ = {isa = PBXBuildFile; fileRef = 4F7C89E925586DD90047169C /* LaunchScreen.storyboard */; };
		4FB6B74F2555D81100002B31 /* parker.atlas in Resources */ = {isa = PBXBuildFile; fileRef = 4FB6B74E2555D81100002B31 /* parker.atlas */; };
		4FD1612125715C7800179989 /* EnemyGardener.swift in Sources */ = {isa = PBXBuildFile; fileRef = 4FD1612025715C7800179989 /* EnemyGardener.swift */; };
		4FF3E244257710D500C33FF7 /* HPSpriteBar.swift in Sources */ = {isa = PBXBuildFile; fileRef = 4FF3E243257710D500C33FF7 /* HPSpriteBar.swift */; };
		4FF3E2492577289200C33FF7 /* FlowerComponent.swift in Sources */ = {isa = PBXBuildFile; fileRef = 4FF3E2482577289200C33FF7 /* FlowerComponent.swift */; };
		4FF5901F2586733B0019186A /* flowergirl.atlas in Resources */ = {isa = PBXBuildFile; fileRef = 4FF5901E2586733B0019186A /* flowergirl.atlas */; };
		4FF59025258673B00019186A /* flowergirl.atlas in Resources */ = {isa = PBXBuildFile; fileRef = 4FF59024258673B00019186A /* flowergirl.atlas */; };
		4FFDDC4025599FEC00EB8A28 /* UIControls.swift in Sources */ = {isa = PBXBuildFile; fileRef = 4FFDDC3F25599FEC00EB8A28 /* UIControls.swift */; };
/* End PBXBuildFile section */

/* Begin PBXContainerItemProxy section */
		4F11D7FE255351FC0020B931 /* PBXContainerItemProxy */ = {
			isa = PBXContainerItemProxy;
			containerPortal = 4F11D7DE255351FB0020B931 /* Project object */;
			proxyType = 1;
			remoteGlobalIDString = 4F11D7E5255351FB0020B931;
			remoteInfo = gardenwars;
		};
		4F11D809255351FC0020B931 /* PBXContainerItemProxy */ = {
			isa = PBXContainerItemProxy;
			containerPortal = 4F11D7DE255351FB0020B931 /* Project object */;
			proxyType = 1;
			remoteGlobalIDString = 4F11D7E5255351FB0020B931;
			remoteInfo = gardenwars;
		};
/* End PBXContainerItemProxy section */

/* Begin PBXFileReference section */
		4F05116E256AC1DE00900ACE /* SpriteComponent.swift */ = {isa = PBXFileReference; lastKnownFileType = sourcecode.swift; path = SpriteComponent.swift; sourceTree = "<group>"; };
		4F051173256AC1FD00900ACE /* Gardener.swift */ = {isa = PBXFileReference; lastKnownFileType = sourcecode.swift; path = Gardener.swift; sourceTree = "<group>"; };
		4F051178256AC23A00900ACE /* EntityManager.swift */ = {isa = PBXFileReference; lastKnownFileType = sourcecode.swift; path = EntityManager.swift; sourceTree = "<group>"; };
		4F05117D256AC5EC00900ACE /* GardenerComponent.swift */ = {isa = PBXFileReference; lastKnownFileType = sourcecode.swift; path = GardenerComponent.swift; sourceTree = "<group>"; };
		4F051182256AC64600900ACE /* TeamComponent.swift */ = {isa = PBXFileReference; lastKnownFileType = sourcecode.swift; path = TeamComponent.swift; sourceTree = "<group>"; };
		4F051192256AC9A400900ACE /* FallingItem.swift */ = {isa = PBXFileReference; lastKnownFileType = sourcecode.swift; path = FallingItem.swift; sourceTree = "<group>"; };
		4F0511D6256AD55400900ACE /* MovementComponent.swift */ = {isa = PBXFileReference; lastKnownFileType = sourcecode.swift; path = MovementComponent.swift; sourceTree = "<group>"; };
		4F11D7E6255351FB0020B931 /* Garden Wars.app */ = {isa = PBXFileReference; explicitFileType = wrapper.application; includeInIndex = 0; path = "Garden Wars.app"; sourceTree = BUILT_PRODUCTS_DIR; };
		4F11D7E9255351FB0020B931 /* AppDelegate.swift */ = {isa = PBXFileReference; lastKnownFileType = sourcecode.swift; path = AppDelegate.swift; sourceTree = "<group>"; };
		4F11D7F1255351FB0020B931 /* GameViewController.swift */ = {isa = PBXFileReference; lastKnownFileType = sourcecode.swift; path = GameViewController.swift; sourceTree = "<group>"; };
		4F11D7F6255351FC0020B931 /* Assets.xcassets */ = {isa = PBXFileReference; lastKnownFileType = folder.assetcatalog; path = Assets.xcassets; sourceTree = "<group>"; };
		4F11D7F8255351FC0020B931 /* Info.plist */ = {isa = PBXFileReference; lastKnownFileType = text.plist.xml; path = Info.plist; sourceTree = "<group>"; };
		4F11D7FD255351FC0020B931 /* gardenwarsTests.xctest */ = {isa = PBXFileReference; explicitFileType = wrapper.cfbundle; includeInIndex = 0; path = gardenwarsTests.xctest; sourceTree = BUILT_PRODUCTS_DIR; };
		4F11D801255351FC0020B931 /* gardenwarsTests.swift */ = {isa = PBXFileReference; lastKnownFileType = sourcecode.swift; path = gardenwarsTests.swift; sourceTree = "<group>"; };
		4F11D803255351FC0020B931 /* Info.plist */ = {isa = PBXFileReference; lastKnownFileType = text.plist.xml; path = Info.plist; sourceTree = "<group>"; };
		4F11D808255351FC0020B931 /* gardenwarsUITests.xctest */ = {isa = PBXFileReference; explicitFileType = wrapper.cfbundle; includeInIndex = 0; path = gardenwarsUITests.xctest; sourceTree = BUILT_PRODUCTS_DIR; };
		4F11D80C255351FC0020B931 /* gardenwarsUITests.swift */ = {isa = PBXFileReference; lastKnownFileType = sourcecode.swift; path = gardenwarsUITests.swift; sourceTree = "<group>"; };
		4F11D80E255351FC0020B931 /* Info.plist */ = {isa = PBXFileReference; lastKnownFileType = text.plist.xml; path = Info.plist; sourceTree = "<group>"; };
		4F12D1B3257C448C005D3B7F /* Level2.sks */ = {isa = PBXFileReference; lastKnownFileType = file.sks; path = Level2.sks; sourceTree = "<group>"; };
		4F12D1BB257C4961005D3B7F /* Level3.sks */ = {isa = PBXFileReference; lastKnownFileType = file.sks; path = Level3.sks; sourceTree = "<group>"; };
		4F12D1CB257C7BB9005D3B7F /* darla.atlas */ = {isa = PBXFileReference; lastKnownFileType = folder.skatlas; path = darla.atlas; sourceTree = "<group>"; };
		4F1D58FB257D26B9009B9D89 /* 8-bit-pusab.ttf */ = {isa = PBXFileReference; lastKnownFileType = file; path = "8-bit-pusab.ttf"; sourceTree = "<group>"; };
		4F2BCE7C2575924D00347D52 /* PhysicsComponent.swift */ = {isa = PBXFileReference; lastKnownFileType = sourcecode.swift; path = PhysicsComponent.swift; sourceTree = "<group>"; };
		4F2BCE812575B47500347D52 /* GardeningState.swift */ = {isa = PBXFileReference; lastKnownFileType = sourcecode.swift; path = GardeningState.swift; sourceTree = "<group>"; };
		4F30A2112559BC79003981FE /* HealthPoints.swift */ = {isa = PBXFileReference; lastKnownFileType = sourcecode.swift; path = HealthPoints.swift; sourceTree = "<group>"; };
		4F30A216255A1645003981FE /* flower.atlas */ = {isa = PBXFileReference; lastKnownFileType = folder.skatlas; path = flower.atlas; sourceTree = "<group>"; };
		4F30A217255A16A2003981FE /* Flower.swift */ = {isa = PBXFileReference; lastKnownFileType = sourcecode.swift; path = Flower.swift; sourceTree = "<group>"; };
		4F3BB685257D744200122F25 /* EnemyCoinDisplayComponent.swift */ = {isa = PBXFileReference; lastKnownFileType = sourcecode.swift; path = EnemyCoinDisplayComponent.swift; sourceTree = "<group>"; };
		4F3BB6A6257EDDE100122F25 /* GameKit.framework */ = {isa = PBXFileReference; lastKnownFileType = wrapper.framework; name = GameKit.framework; path = System/Library/Frameworks/GameKit.framework; sourceTree = SDKROOT; };
		4F3BB6B3257F028100122F25 /* Level1-medium.sks */ = {isa = PBXFileReference; lastKnownFileType = file.sks; path = "Level1-medium.sks"; sourceTree = "<group>"; };
		4F3BB6BB257F052100122F25 /* Level2-medium.sks */ = {isa = PBXFileReference; lastKnownFileType = file.sks; path = "Level2-medium.sks"; sourceTree = "<group>"; };
		4F3BB6C0257F053000122F25 /* Level3-medium.sks */ = {isa = PBXFileReference; lastKnownFileType = file.sks; path = "Level3-medium.sks"; sourceTree = "<group>"; };
		4F3BB6C52580563100122F25 /* yellowcopter.wav */ = {isa = PBXFileReference; lastKnownFileType = audio.wav; path = yellowcopter.wav; sourceTree = "<group>"; };
		4F3BB6CE25805CDE00122F25 /* AVFoundation.framework */ = {isa = PBXFileReference; lastKnownFileType = wrapper.framework; name = AVFoundation.framework; path = System/Library/Frameworks/AVFoundation.framework; sourceTree = SDKROOT; };
		4F3BB6D32580616B00122F25 /* yellowcopter-sting.wav */ = {isa = PBXFileReference; lastKnownFileType = audio.wav; name = "yellowcopter-sting.wav"; path = "../../../../../Downloads/yellowcopter-sting.wav"; sourceTree = "<group>"; };
		4F3BB6D8258065BA00122F25 /* electrocute.mp3 */ = {isa = PBXFileReference; lastKnownFileType = audio.mp3; name = electrocute.mp3; path = ../../../../../Downloads/electrocute.mp3; sourceTree = "<group>"; };
		4F3BB6D9258065BA00122F25 /* menutheme.wav */ = {isa = PBXFileReference; lastKnownFileType = audio.wav; name = menutheme.wav; path = ../../../../../Downloads/menutheme.wav; sourceTree = "<group>"; };
		4F3BB6DA258065BA00122F25 /* knockout.wav */ = {isa = PBXFileReference; lastKnownFileType = audio.wav; name = knockout.wav; path = ../../../../../Downloads/knockout.wav; sourceTree = "<group>"; };
		4F3BB6E12580743500122F25 /* nextstage.wav */ = {isa = PBXFileReference; lastKnownFileType = audio.wav; name = nextstage.wav; path = ../../../../../Downloads/nextstage.wav; sourceTree = "<group>"; };
		4F3BB6E22580743500122F25 /* flowergrowth.wav */ = {isa = PBXFileReference; lastKnownFileType = audio.wav; name = flowergrowth.wav; path = ../../../../../Downloads/flowergrowth.wav; sourceTree = "<group>"; };
		4F3BB6E32580743500122F25 /* flowercomplete.wav */ = {isa = PBXFileReference; lastKnownFileType = audio.wav; name = flowercomplete.wav; path = ../../../../../Downloads/flowercomplete.wav; sourceTree = "<group>"; };
		4F41F6E9256B382100F29D54 /* EnemyAgentComponent.swift */ = {isa = PBXFileReference; lastKnownFileType = sourcecode.swift; path = EnemyAgentComponent.swift; sourceTree = "<group>"; };
		4F41F6EF256B5BF000F29D54 /* FallingItemComponent.swift */ = {isa = PBXFileReference; lastKnownFileType = sourcecode.swift; path = FallingItemComponent.swift; sourceTree = "<group>"; };
		4F4A7DB02556F97900F59E35 /* MainMenu.swift */ = {isa = PBXFileReference; lastKnownFileType = sourcecode.swift; path = MainMenu.swift; sourceTree = "<group>"; };
		4F4A7DBD2556FDF800F59E35 /* Extension.swift */ = {isa = PBXFileReference; lastKnownFileType = sourcecode.swift; path = Extension.swift; sourceTree = "<group>"; };
		4F4A7DC72556FFE900F59E35 /* GameManager.swift */ = {isa = PBXFileReference; lastKnownFileType = sourcecode.swift; path = GameManager.swift; sourceTree = "<group>"; };
		4F4A7DCC2557007200F59E35 /* GamePlay.swift */ = {isa = PBXFileReference; lastKnownFileType = sourcecode.swift; path = GamePlay.swift; sourceTree = "<group>"; };
		4F5126ED256C8AA00024262D /* NormalState.swift */ = {isa = PBXFileReference; lastKnownFileType = sourcecode.swift; path = NormalState.swift; sourceTree = "<group>"; };
		4F5126F5256C8B960024262D /* HoldingItemState.swift */ = {isa = PBXFileReference; lastKnownFileType = sourcecode.swift; path = HoldingItemState.swift; sourceTree = "<group>"; };
		4F5126FF256E8BCD0024262D /* Level1.sks */ = {isa = PBXFileReference; lastKnownFileType = file.sks; path = Level1.sks; sourceTree = "<group>"; };
		4F616ABF258259AA00DBD2BC /* Level1-large.sks */ = {isa = PBXFileReference; lastKnownFileType = file.sks; path = "Level1-large.sks"; sourceTree = "<group>"; };
		4F616AC725825B5B00DBD2BC /* Level2-large.sks */ = {isa = PBXFileReference; lastKnownFileType = file.sks; path = "Level2-large.sks"; sourceTree = "<group>"; };
		4F616ACF25825B9500DBD2BC /* Level3-large.sks */ = {isa = PBXFileReference; lastKnownFileType = file.sks; path = "Level3-large.sks"; sourceTree = "<group>"; };
		4F6EDB37257A773A0000AA48 /* enemy.atlas */ = {isa = PBXFileReference; lastKnownFileType = folder.skatlas; path = enemy.atlas; sourceTree = "<group>"; };
		4F726FE0255C521A004376C5 /* PauseScreenOverlay.swift */ = {isa = PBXFileReference; lastKnownFileType = sourcecode.swift; path = PauseScreenOverlay.swift; sourceTree = "<group>"; };
		4F726FF8255CD16E004376C5 /* GameOver.swift */ = {isa = PBXFileReference; lastKnownFileType = sourcecode.swift; path = GameOver.swift; sourceTree = "<group>"; };
		4F7C89E925586DD90047169C /* LaunchScreen.storyboard */ = {isa = PBXFileReference; lastKnownFileType = file.storyboard; path = LaunchScreen.storyboard; sourceTree = "<group>"; };
		4FB6B74E2555D81100002B31 /* parker.atlas */ = {isa = PBXFileReference; lastKnownFileType = folder.skatlas; path = parker.atlas; sourceTree = "<group>"; };
		4FD1612025715C7800179989 /* EnemyGardener.swift */ = {isa = PBXFileReference; lastKnownFileType = sourcecode.swift; path = EnemyGardener.swift; sourceTree = "<group>"; };
		4FF3E243257710D500C33FF7 /* HPSpriteBar.swift */ = {isa = PBXFileReference; lastKnownFileType = sourcecode.swift; path = HPSpriteBar.swift; sourceTree = "<group>"; };
		4FF3E2482577289200C33FF7 /* FlowerComponent.swift */ = {isa = PBXFileReference; lastKnownFileType = sourcecode.swift; path = FlowerComponent.swift; sourceTree = "<group>"; };
		4FF5901E2586733B0019186A /* flowergirl.atlas */ = {isa = PBXFileReference; lastKnownFileType = folder.skatlas; name = flowergirl.atlas; path = ../../../../../Desktop/flowergirl.atlas; sourceTree = "<group>"; };
		4FF59024258673B00019186A /* flowergirl.atlas */ = {isa = PBXFileReference; lastKnownFileType = folder.skatlas; name = flowergirl.atlas; path = ../../../../Desktop/flowergirl.atlas; sourceTree = "<group>"; };
		4FFDDC3F25599FEC00EB8A28 /* UIControls.swift */ = {isa = PBXFileReference; lastKnownFileType = sourcecode.swift; path = UIControls.swift; sourceTree = "<group>"; };
/* End PBXFileReference section */

/* Begin PBXFrameworksBuildPhase section */
		4F11D7E3255351FB0020B931 /* Frameworks */ = {
			isa = PBXFrameworksBuildPhase;
			buildActionMask = 2147483647;
			files = (
				4F3BB6CF25805CDE00122F25 /* AVFoundation.framework in Frameworks */,
				4F3BB6A7257EDDE100122F25 /* GameKit.framework in Frameworks */,
			);
			runOnlyForDeploymentPostprocessing = 0;
		};
		4F11D7FA255351FC0020B931 /* Frameworks */ = {
			isa = PBXFrameworksBuildPhase;
			buildActionMask = 2147483647;
			files = (
			);
			runOnlyForDeploymentPostprocessing = 0;
		};
		4F11D805255351FC0020B931 /* Frameworks */ = {
			isa = PBXFrameworksBuildPhase;
			buildActionMask = 2147483647;
			files = (
			);
			runOnlyForDeploymentPostprocessing = 0;
		};
/* End PBXFrameworksBuildPhase section */

/* Begin PBXGroup section */
		4F051152256ABE7100900ACE /* Screens */ = {
			isa = PBXGroup;
			children = (
				4F7C89E925586DD90047169C /* LaunchScreen.storyboard */,
				4F4A7DB02556F97900F59E35 /* MainMenu.swift */,
				4F4A7DCC2557007200F59E35 /* GamePlay.swift */,
				4F726FF8255CD16E004376C5 /* GameOver.swift */,
				4F5126FF256E8BCD0024262D /* Level1.sks */,
				4F3BB6B3257F028100122F25 /* Level1-medium.sks */,
				4F616ABF258259AA00DBD2BC /* Level1-large.sks */,
				4F12D1B3257C448C005D3B7F /* Level2.sks */,
				4F3BB6BB257F052100122F25 /* Level2-medium.sks */,
				4F616AC725825B5B00DBD2BC /* Level2-large.sks */,
				4F12D1BB257C4961005D3B7F /* Level3.sks */,
				4F3BB6C0257F053000122F25 /* Level3-medium.sks */,
				4F616ACF25825B9500DBD2BC /* Level3-large.sks */,
			);
			path = Screens;
			sourceTree = "<group>";
		};
		4F051159256ABECB00900ACE /* Entities */ = {
			isa = PBXGroup;
			children = (
				4F051178256AC23A00900ACE /* EntityManager.swift */,
				4F051173256AC1FD00900ACE /* Gardener.swift */,
				4FD1612025715C7800179989 /* EnemyGardener.swift */,
				4F051192256AC9A400900ACE /* FallingItem.swift */,
				4F30A217255A16A2003981FE /* Flower.swift */,
			);
			path = Entities;
			sourceTree = "<group>";
		};
		4F05115A256ABED700900ACE /* Components */ = {
			isa = PBXGroup;
			children = (
				4F05117D256AC5EC00900ACE /* GardenerComponent.swift */,
				4F05116E256AC1DE00900ACE /* SpriteComponent.swift */,
				4F051182256AC64600900ACE /* TeamComponent.swift */,
				4F0511D6256AD55400900ACE /* MovementComponent.swift */,
				4F41F6E9256B382100F29D54 /* EnemyAgentComponent.swift */,
				4F41F6EF256B5BF000F29D54 /* FallingItemComponent.swift */,
				4F2BCE7C2575924D00347D52 /* PhysicsComponent.swift */,
				4FF3E243257710D500C33FF7 /* HPSpriteBar.swift */,
				4F3BB685257D744200122F25 /* EnemyCoinDisplayComponent.swift */,
				4FF3E2482577289200C33FF7 /* FlowerComponent.swift */,
			);
			path = Components;
			sourceTree = "<group>";
		};
		4F05115B256ABEF000900ACE /* Utils */ = {
			isa = PBXGroup;
			children = (
				4F4A7DC72556FFE900F59E35 /* GameManager.swift */,
				4F4A7DBD2556FDF800F59E35 /* Extension.swift */,
			);
			path = Utils;
			sourceTree = "<group>";
		};
		4F05115C256ABEF900900ACE /* UI */ = {
			isa = PBXGroup;
			children = (
				4F30A2112559BC79003981FE /* HealthPoints.swift */,
				4F726FE0255C521A004376C5 /* PauseScreenOverlay.swift */,
				4FFDDC3F25599FEC00EB8A28 /* UIControls.swift */,
			);
			path = UI;
			sourceTree = "<group>";
		};
		4F11D7DD255351FB0020B931 = {
			isa = PBXGroup;
			children = (
				4F11D7E8255351FB0020B931 /* gardenwars */,
				4F11D800255351FC0020B931 /* gardenwarsTests */,
				4F11D80B255351FC0020B931 /* gardenwarsUITests */,
				4F11D7E7255351FB0020B931 /* Products */,
				4F3BB6A5257EDDE100122F25 /* Frameworks */,
			);
			sourceTree = "<group>";
		};
		4F11D7E7255351FB0020B931 /* Products */ = {
			isa = PBXGroup;
			children = (
				4F11D7E6255351FB0020B931 /* Garden Wars.app */,
				4F11D7FD255351FC0020B931 /* gardenwarsTests.xctest */,
				4F11D808255351FC0020B931 /* gardenwarsUITests.xctest */,
			);
			name = Products;
			sourceTree = "<group>";
		};
		4F11D7E8255351FB0020B931 /* gardenwars */ = {
			isa = PBXGroup;
			children = (
				4F78960A257CF14900B9709B /* Assets */,
				4F5126EC256C8A840024262D /* States */,
				4F05115C256ABEF900900ACE /* UI */,
				4F05115B256ABEF000900ACE /* Utils */,
				4F05115A256ABED700900ACE /* Components */,
				4F051159256ABECB00900ACE /* Entities */,
				4F051152256ABE7100900ACE /* Screens */,
				4F11D7E9255351FB0020B931 /* AppDelegate.swift */,
				4F11D7F1255351FB0020B931 /* GameViewController.swift */,
				4F11D7F8255351FC0020B931 /* Info.plist */,
			);
			path = gardenwars;
			sourceTree = "<group>";
		};
		4F11D800255351FC0020B931 /* gardenwarsTests */ = {
			isa = PBXGroup;
			children = (
				4F11D801255351FC0020B931 /* gardenwarsTests.swift */,
				4F11D803255351FC0020B931 /* Info.plist */,
			);
			path = gardenwarsTests;
			sourceTree = "<group>";
		};
		4F11D80B255351FC0020B931 /* gardenwarsUITests */ = {
			isa = PBXGroup;
			children = (
				4F11D80C255351FC0020B931 /* gardenwarsUITests.swift */,
				4F11D80E255351FC0020B931 /* Info.plist */,
			);
			path = gardenwarsUITests;
			sourceTree = "<group>";
		};
		4F3BB6A5257EDDE100122F25 /* Frameworks */ = {
			isa = PBXGroup;
			children = (
				4F3BB6CE25805CDE00122F25 /* AVFoundation.framework */,
				4F3BB6A6257EDDE100122F25 /* GameKit.framework */,
			);
			name = Frameworks;
			sourceTree = "<group>";
		};
		4F3BB6CA2580569200122F25 /* audio */ = {
			isa = PBXGroup;
			children = (
				4F3BB6E32580743500122F25 /* flowercomplete.wav */,
				4F3BB6E22580743500122F25 /* flowergrowth.wav */,
				4F3BB6E12580743500122F25 /* nextstage.wav */,
				4F3BB6D8258065BA00122F25 /* electrocute.mp3 */,
				4F3BB6DA258065BA00122F25 /* knockout.wav */,
				4F3BB6D9258065BA00122F25 /* menutheme.wav */,
				4F3BB6C52580563100122F25 /* yellowcopter.wav */,
				4F3BB6D32580616B00122F25 /* yellowcopter-sting.wav */,
			);
			path = audio;
			sourceTree = "<group>";
		};
		4F5126EC256C8A840024262D /* States */ = {
			isa = PBXGroup;
			children = (
				4F5126ED256C8AA00024262D /* NormalState.swift */,
				4F5126F5256C8B960024262D /* HoldingItemState.swift */,
				4F2BCE812575B47500347D52 /* GardeningState.swift */,
			);
			path = States;
			sourceTree = "<group>";
		};
		4F78960A257CF14900B9709B /* Assets */ = {
			isa = PBXGroup;
			children = (
				4F3BB6CA2580569200122F25 /* audio */,
				4F78960E257CF19700B9709B /* fonts */,
				4F11D7F6255351FC0020B931 /* Assets.xcassets */,
				4FF59024258673B00019186A /* flowergirl.atlas */,
				4F12D1CB257C7BB9005D3B7F /* darla.atlas */,
				4F6EDB37257A773A0000AA48 /* enemy.atlas */,
				4F30A216255A1645003981FE /* flower.atlas */,
				4FB6B74E2555D81100002B31 /* parker.atlas */,
			);
			path = Assets;
			sourceTree = "<group>";
		};
		4F78960E257CF19700B9709B /* fonts */ = {
			isa = PBXGroup;
			children = (
				4FF5901E2586733B0019186A /* flowergirl.atlas */,
				4F1D58FB257D26B9009B9D89 /* 8-bit-pusab.ttf */,
			);
			path = fonts;
			sourceTree = "<group>";
		};
/* End PBXGroup section */

/* Begin PBXNativeTarget section */
		4F11D7E5255351FB0020B931 /* Garden Wars */ = {
			isa = PBXNativeTarget;
			buildConfigurationList = 4F11D811255351FC0020B931 /* Build configuration list for PBXNativeTarget "Garden Wars" */;
			buildPhases = (
				4F11D7E2255351FB0020B931 /* Sources */,
				4F11D7E3255351FB0020B931 /* Frameworks */,
				4F11D7E4255351FB0020B931 /* Resources */,
			);
			buildRules = (
			);
			dependencies = (
			);
			name = "Garden Wars";
			productName = gardenwars;
			productReference = 4F11D7E6255351FB0020B931 /* Garden Wars.app */;
			productType = "com.apple.product-type.application";
		};
		4F11D7FC255351FC0020B931 /* gardenwarsTests */ = {
			isa = PBXNativeTarget;
			buildConfigurationList = 4F11D814255351FC0020B931 /* Build configuration list for PBXNativeTarget "gardenwarsTests" */;
			buildPhases = (
				4F11D7F9255351FC0020B931 /* Sources */,
				4F11D7FA255351FC0020B931 /* Frameworks */,
				4F11D7FB255351FC0020B931 /* Resources */,
			);
			buildRules = (
			);
			dependencies = (
				4F11D7FF255351FC0020B931 /* PBXTargetDependency */,
			);
			name = gardenwarsTests;
			productName = gardenwarsTests;
			productReference = 4F11D7FD255351FC0020B931 /* gardenwarsTests.xctest */;
			productType = "com.apple.product-type.bundle.unit-test";
		};
		4F11D807255351FC0020B931 /* gardenwarsUITests */ = {
			isa = PBXNativeTarget;
			buildConfigurationList = 4F11D817255351FC0020B931 /* Build configuration list for PBXNativeTarget "gardenwarsUITests" */;
			buildPhases = (
				4F11D804255351FC0020B931 /* Sources */,
				4F11D805255351FC0020B931 /* Frameworks */,
				4F11D806255351FC0020B931 /* Resources */,
			);
			buildRules = (
			);
			dependencies = (
				4F11D80A255351FC0020B931 /* PBXTargetDependency */,
			);
			name = gardenwarsUITests;
			productName = gardenwarsUITests;
			productReference = 4F11D808255351FC0020B931 /* gardenwarsUITests.xctest */;
			productType = "com.apple.product-type.bundle.ui-testing";
		};
/* End PBXNativeTarget section */

/* Begin PBXProject section */
		4F11D7DE255351FB0020B931 /* Project object */ = {
			isa = PBXProject;
			attributes = {
				LastSwiftUpdateCheck = 1220;
				LastUpgradeCheck = 1220;
				TargetAttributes = {
					4F11D7E5255351FB0020B931 = {
						CreatedOnToolsVersion = 12.2;
					};
					4F11D7FC255351FC0020B931 = {
						CreatedOnToolsVersion = 12.2;
						TestTargetID = 4F11D7E5255351FB0020B931;
					};
					4F11D807255351FC0020B931 = {
						CreatedOnToolsVersion = 12.2;
						TestTargetID = 4F11D7E5255351FB0020B931;
					};
				};
			};
			buildConfigurationList = 4F11D7E1255351FB0020B931 /* Build configuration list for PBXProject "gardenwars" */;
			compatibilityVersion = "Xcode 9.3";
			developmentRegion = en;
			hasScannedForEncodings = 0;
			knownRegions = (
				en,
				Base,
			);
			mainGroup = 4F11D7DD255351FB0020B931;
			productRefGroup = 4F11D7E7255351FB0020B931 /* Products */;
			projectDirPath = "";
			projectRoot = "";
			targets = (
				4F11D7E5255351FB0020B931 /* Garden Wars */,
				4F11D7FC255351FC0020B931 /* gardenwarsTests */,
				4F11D807255351FC0020B931 /* gardenwarsUITests */,
			);
		};
/* End PBXProject section */

/* Begin PBXResourcesBuildPhase section */
		4F11D7E4255351FB0020B931 /* Resources */ = {
			isa = PBXResourcesBuildPhase;
			buildActionMask = 2147483647;
			files = (
				4FF5901F2586733B0019186A /* flowergirl.atlas in Resources */,
				4F3BB6BC257F052100122F25 /* Level2-medium.sks in Resources */,
				4F3BB6C62580563100122F25 /* yellowcopter.wav in Resources */,
				4F512700256E8BCD0024262D /* Level1.sks in Resources */,
				4FF59025258673B00019186A /* flowergirl.atlas in Resources */,
				4F3BB6E42580743500122F25 /* nextstage.wav in Resources */,
				4F3BB6C1257F053000122F25 /* Level3-medium.sks in Resources */,
				4F616AC825825B5B00DBD2BC /* Level2-large.sks in Resources */,
				4F3BB6E62580743500122F25 /* flowercomplete.wav in Resources */,
				4F3BB6D42580616B00122F25 /* yellowcopter-sting.wav in Resources */,
				4F7C89EA25586DD90047169C /* LaunchScreen.storyboard in Resources */,
				4F3BB6DC258065BA00122F25 /* menutheme.wav in Resources */,
				4F616AD025825B9500DBD2BC /* Level3-large.sks in Resources */,
				4F1D58FC257D26B9009B9D89 /* 8-bit-pusab.ttf in Resources */,
				4F616AC0258259AA00DBD2BC /* Level1-large.sks in Resources */,
				4F3BB6B4257F028100122F25 /* Level1-medium.sks in Resources */,
				4F3BB6E52580743500122F25 /* flowergrowth.wav in Resources */,
				4F6EDB38257A773A0000AA48 /* enemy.atlas in Resources */,
				4F30A225255A324B003981FE /* flower.atlas in Resources */,
				4F12D1BC257C4961005D3B7F /* Level3.sks in Resources */,
				4F11D7F7255351FC0020B931 /* Assets.xcassets in Resources */,
				4F3BB6DB258065BA00122F25 /* electrocute.mp3 in Resources */,
				4F12D1CC257C7BB9005D3B7F /* darla.atlas in Resources */,
				4F12D1B4257C448C005D3B7F /* Level2.sks in Resources */,
				4F3BB6DD258065BA00122F25 /* knockout.wav in Resources */,
				4FB6B74F2555D81100002B31 /* parker.atlas in Resources */,
			);
			runOnlyForDeploymentPostprocessing = 0;
		};
		4F11D7FB255351FC0020B931 /* Resources */ = {
			isa = PBXResourcesBuildPhase;
			buildActionMask = 2147483647;
			files = (
			);
			runOnlyForDeploymentPostprocessing = 0;
		};
		4F11D806255351FC0020B931 /* Resources */ = {
			isa = PBXResourcesBuildPhase;
			buildActionMask = 2147483647;
			files = (
			);
			runOnlyForDeploymentPostprocessing = 0;
		};
/* End PBXResourcesBuildPhase section */

/* Begin PBXSourcesBuildPhase section */
		4F11D7E2255351FB0020B931 /* Sources */ = {
			isa = PBXSourcesBuildPhase;
			buildActionMask = 2147483647;
			files = (
				4F051183256AC64600900ACE /* TeamComponent.swift in Sources */,
				4FF3E2492577289200C33FF7 /* FlowerComponent.swift in Sources */,
				4F41F6F0256B5BF000F29D54 /* FallingItemComponent.swift in Sources */,
				4F05117E256AC5EC00900ACE /* GardenerComponent.swift in Sources */,
				4F051174256AC1FD00900ACE /* Gardener.swift in Sources */,
				4F4A7DC82556FFE900F59E35 /* GameManager.swift in Sources */,
				4F5126F6256C8B960024262D /* HoldingItemState.swift in Sources */,
				4F2BCE7D2575924D00347D52 /* PhysicsComponent.swift in Sources */,
				4F41F6EA256B382100F29D54 /* EnemyAgentComponent.swift in Sources */,
				4F4A7DB12556F97900F59E35 /* MainMenu.swift in Sources */,
				4F726FE1255C521A004376C5 /* PauseScreenOverlay.swift in Sources */,
				4F30A218255A16A2003981FE /* Flower.swift in Sources */,
				4F051179256AC23A00900ACE /* EntityManager.swift in Sources */,
				4FF3E244257710D500C33FF7 /* HPSpriteBar.swift in Sources */,
				4F3BB686257D744200122F25 /* EnemyCoinDisplayComponent.swift in Sources */,
				4F4A7DBE2556FDF800F59E35 /* Extension.swift in Sources */,
				4F5126EE256C8AA00024262D /* NormalState.swift in Sources */,
				4FD1612125715C7800179989 /* EnemyGardener.swift in Sources */,
				4F05116F256AC1DE00900ACE /* SpriteComponent.swift in Sources */,
				4F4A7DCD2557007200F59E35 /* GamePlay.swift in Sources */,
				4F051193256AC9A400900ACE /* FallingItem.swift in Sources */,
				4F30A2122559BC79003981FE /* HealthPoints.swift in Sources */,
				4FFDDC4025599FEC00EB8A28 /* UIControls.swift in Sources */,
				4F2BCE822575B47500347D52 /* GardeningState.swift in Sources */,
				4F0511D7256AD55400900ACE /* MovementComponent.swift in Sources */,
				4F11D7F2255351FB0020B931 /* GameViewController.swift in Sources */,
				4F11D7EA255351FB0020B931 /* AppDelegate.swift in Sources */,
				4F726FF9255CD16E004376C5 /* GameOver.swift in Sources */,
			);
			runOnlyForDeploymentPostprocessing = 0;
		};
		4F11D7F9255351FC0020B931 /* Sources */ = {
			isa = PBXSourcesBuildPhase;
			buildActionMask = 2147483647;
			files = (
				4F11D802255351FC0020B931 /* gardenwarsTests.swift in Sources */,
			);
			runOnlyForDeploymentPostprocessing = 0;
		};
		4F11D804255351FC0020B931 /* Sources */ = {
			isa = PBXSourcesBuildPhase;
			buildActionMask = 2147483647;
			files = (
				4F11D80D255351FC0020B931 /* gardenwarsUITests.swift in Sources */,
			);
			runOnlyForDeploymentPostprocessing = 0;
		};
/* End PBXSourcesBuildPhase section */

/* Begin PBXTargetDependency section */
		4F11D7FF255351FC0020B931 /* PBXTargetDependency */ = {
			isa = PBXTargetDependency;
			target = 4F11D7E5255351FB0020B931 /* Garden Wars */;
			targetProxy = 4F11D7FE255351FC0020B931 /* PBXContainerItemProxy */;
		};
		4F11D80A255351FC0020B931 /* PBXTargetDependency */ = {
			isa = PBXTargetDependency;
			target = 4F11D7E5255351FB0020B931 /* Garden Wars */;
			targetProxy = 4F11D809255351FC0020B931 /* PBXContainerItemProxy */;
		};
/* End PBXTargetDependency section */

/* Begin XCBuildConfiguration section */
		4F11D80F255351FC0020B931 /* Debug */ = {
			isa = XCBuildConfiguration;
			buildSettings = {
				ALWAYS_SEARCH_USER_PATHS = NO;
				CLANG_ANALYZER_NONNULL = YES;
				CLANG_ANALYZER_NUMBER_OBJECT_CONVERSION = YES_AGGRESSIVE;
				CLANG_CXX_LANGUAGE_STANDARD = "gnu++14";
				CLANG_CXX_LIBRARY = "libc++";
				CLANG_ENABLE_MODULES = YES;
				CLANG_ENABLE_OBJC_ARC = YES;
				CLANG_ENABLE_OBJC_WEAK = YES;
				CLANG_WARN_BLOCK_CAPTURE_AUTORELEASING = YES;
				CLANG_WARN_BOOL_CONVERSION = YES;
				CLANG_WARN_COMMA = YES;
				CLANG_WARN_CONSTANT_CONVERSION = YES;
				CLANG_WARN_DEPRECATED_OBJC_IMPLEMENTATIONS = YES;
				CLANG_WARN_DIRECT_OBJC_ISA_USAGE = YES_ERROR;
				CLANG_WARN_DOCUMENTATION_COMMENTS = YES;
				CLANG_WARN_EMPTY_BODY = YES;
				CLANG_WARN_ENUM_CONVERSION = YES;
				CLANG_WARN_INFINITE_RECURSION = YES;
				CLANG_WARN_INT_CONVERSION = YES;
				CLANG_WARN_NON_LITERAL_NULL_CONVERSION = YES;
				CLANG_WARN_OBJC_IMPLICIT_RETAIN_SELF = YES;
				CLANG_WARN_OBJC_LITERAL_CONVERSION = YES;
				CLANG_WARN_OBJC_ROOT_CLASS = YES_ERROR;
				CLANG_WARN_QUOTED_INCLUDE_IN_FRAMEWORK_HEADER = YES;
				CLANG_WARN_RANGE_LOOP_ANALYSIS = YES;
				CLANG_WARN_STRICT_PROTOTYPES = YES;
				CLANG_WARN_SUSPICIOUS_MOVE = YES;
				CLANG_WARN_UNGUARDED_AVAILABILITY = YES_AGGRESSIVE;
				CLANG_WARN_UNREACHABLE_CODE = YES;
				CLANG_WARN__DUPLICATE_METHOD_MATCH = YES;
				COPY_PHASE_STRIP = NO;
				DEBUG_INFORMATION_FORMAT = dwarf;
				ENABLE_STRICT_OBJC_MSGSEND = YES;
				ENABLE_TESTABILITY = YES;
				GCC_C_LANGUAGE_STANDARD = gnu11;
				GCC_DYNAMIC_NO_PIC = NO;
				GCC_NO_COMMON_BLOCKS = YES;
				GCC_OPTIMIZATION_LEVEL = 0;
				GCC_PREPROCESSOR_DEFINITIONS = (
					"DEBUG=1",
					"$(inherited)",
				);
				GCC_WARN_64_TO_32_BIT_CONVERSION = YES;
				GCC_WARN_ABOUT_RETURN_TYPE = YES_ERROR;
				GCC_WARN_UNDECLARED_SELECTOR = YES;
				GCC_WARN_UNINITIALIZED_AUTOS = YES_AGGRESSIVE;
				GCC_WARN_UNUSED_FUNCTION = YES;
				GCC_WARN_UNUSED_VARIABLE = YES;
				IPHONEOS_DEPLOYMENT_TARGET = 12.0;
				MTL_ENABLE_DEBUG_INFO = INCLUDE_SOURCE;
				MTL_FAST_MATH = YES;
				ONLY_ACTIVE_ARCH = YES;
				SDKROOT = iphoneos;
				SWIFT_ACTIVE_COMPILATION_CONDITIONS = DEBUG;
				SWIFT_OPTIMIZATION_LEVEL = "-Onone";
			};
			name = Debug;
		};
		4F11D810255351FC0020B931 /* Release */ = {
			isa = XCBuildConfiguration;
			buildSettings = {
				ALWAYS_SEARCH_USER_PATHS = NO;
				CLANG_ANALYZER_NONNULL = YES;
				CLANG_ANALYZER_NUMBER_OBJECT_CONVERSION = YES_AGGRESSIVE;
				CLANG_CXX_LANGUAGE_STANDARD = "gnu++14";
				CLANG_CXX_LIBRARY = "libc++";
				CLANG_ENABLE_MODULES = YES;
				CLANG_ENABLE_OBJC_ARC = YES;
				CLANG_ENABLE_OBJC_WEAK = YES;
				CLANG_WARN_BLOCK_CAPTURE_AUTORELEASING = YES;
				CLANG_WARN_BOOL_CONVERSION = YES;
				CLANG_WARN_COMMA = YES;
				CLANG_WARN_CONSTANT_CONVERSION = YES;
				CLANG_WARN_DEPRECATED_OBJC_IMPLEMENTATIONS = YES;
				CLANG_WARN_DIRECT_OBJC_ISA_USAGE = YES_ERROR;
				CLANG_WARN_DOCUMENTATION_COMMENTS = YES;
				CLANG_WARN_EMPTY_BODY = YES;
				CLANG_WARN_ENUM_CONVERSION = YES;
				CLANG_WARN_INFINITE_RECURSION = YES;
				CLANG_WARN_INT_CONVERSION = YES;
				CLANG_WARN_NON_LITERAL_NULL_CONVERSION = YES;
				CLANG_WARN_OBJC_IMPLICIT_RETAIN_SELF = YES;
				CLANG_WARN_OBJC_LITERAL_CONVERSION = YES;
				CLANG_WARN_OBJC_ROOT_CLASS = YES_ERROR;
				CLANG_WARN_QUOTED_INCLUDE_IN_FRAMEWORK_HEADER = YES;
				CLANG_WARN_RANGE_LOOP_ANALYSIS = YES;
				CLANG_WARN_STRICT_PROTOTYPES = YES;
				CLANG_WARN_SUSPICIOUS_MOVE = YES;
				CLANG_WARN_UNGUARDED_AVAILABILITY = YES_AGGRESSIVE;
				CLANG_WARN_UNREACHABLE_CODE = YES;
				CLANG_WARN__DUPLICATE_METHOD_MATCH = YES;
				COPY_PHASE_STRIP = NO;
				DEBUG_INFORMATION_FORMAT = "dwarf-with-dsym";
				ENABLE_NS_ASSERTIONS = NO;
				ENABLE_STRICT_OBJC_MSGSEND = YES;
				GCC_C_LANGUAGE_STANDARD = gnu11;
				GCC_NO_COMMON_BLOCKS = YES;
				GCC_WARN_64_TO_32_BIT_CONVERSION = YES;
				GCC_WARN_ABOUT_RETURN_TYPE = YES_ERROR;
				GCC_WARN_UNDECLARED_SELECTOR = YES;
				GCC_WARN_UNINITIALIZED_AUTOS = YES_AGGRESSIVE;
				GCC_WARN_UNUSED_FUNCTION = YES;
				GCC_WARN_UNUSED_VARIABLE = YES;
				IPHONEOS_DEPLOYMENT_TARGET = 12.0;
				MTL_ENABLE_DEBUG_INFO = NO;
				MTL_FAST_MATH = YES;
				SDKROOT = iphoneos;
				SWIFT_COMPILATION_MODE = wholemodule;
				SWIFT_OPTIMIZATION_LEVEL = "-O";
				VALIDATE_PRODUCT = YES;
			};
			name = Release;
		};
		4F11D812255351FC0020B931 /* Debug */ = {
			isa = XCBuildConfiguration;
			buildSettings = {
				ASSETCATALOG_COMPILER_APPICON_NAME = AppIcon;
				ASSETCATALOG_COMPILER_GLOBAL_ACCENT_COLOR_NAME = AccentColor;
				CODE_SIGN_STYLE = Automatic;
				DEVELOPMENT_TEAM = L9SZVFV7MR;
				INFOPLIST_FILE = gardenwars/Info.plist;
				LD_RUNPATH_SEARCH_PATHS = (
					"$(inherited)",
					"@executable_path/Frameworks",
				);
				MARKETING_VERSION = 1.0.2;
				PRODUCT_BUNDLE_IDENTIFIER = com.parkercoop.gardenwars;
				PRODUCT_NAME = "$(TARGET_NAME)";
				SWIFT_VERSION = 5.0;
				TARGETED_DEVICE_FAMILY = "1,2";
			};
			name = Debug;
		};
		4F11D813255351FC0020B931 /* Release */ = {
			isa = XCBuildConfiguration;
			buildSettings = {
				ASSETCATALOG_COMPILER_APPICON_NAME = AppIcon;
				ASSETCATALOG_COMPILER_GLOBAL_ACCENT_COLOR_NAME = AccentColor;
				CODE_SIGN_STYLE = Automatic;
				DEVELOPMENT_TEAM = L9SZVFV7MR;
				INFOPLIST_FILE = gardenwars/Info.plist;
				LD_RUNPATH_SEARCH_PATHS = (
					"$(inherited)",
					"@executable_path/Frameworks",
				);
				MARKETING_VERSION = 1.0.2;
				PRODUCT_BUNDLE_IDENTIFIER = com.parkercoop.gardenwars;
				PRODUCT_NAME = "$(TARGET_NAME)";
				SWIFT_VERSION = 5.0;
				TARGETED_DEVICE_FAMILY = "1,2";
			};
			name = Release;
		};
		4F11D815255351FC0020B931 /* Debug */ = {
			isa = XCBuildConfiguration;
			buildSettings = {
				ALWAYS_EMBED_SWIFT_STANDARD_LIBRARIES = YES;
				BUNDLE_LOADER = "$(TEST_HOST)";
				CODE_SIGN_STYLE = Automatic;
				DEVELOPMENT_TEAM = L9SZVFV7MR;
				INFOPLIST_FILE = gardenwarsTests/Info.plist;
				IPHONEOS_DEPLOYMENT_TARGET = 14.0;
				LD_RUNPATH_SEARCH_PATHS = (
					"$(inherited)",
					"@executable_path/Frameworks",
					"@loader_path/Frameworks",
				);
				PRODUCT_BUNDLE_IDENTIFIER = com.parkercoop.gardenwarsTests;
				PRODUCT_NAME = "$(TARGET_NAME)";
				SWIFT_VERSION = 5.0;
				TARGETED_DEVICE_FAMILY = "1,2";
				TEST_HOST = "$(BUILT_PRODUCTS_DIR)/gardenwars.app/gardenwars";
			};
			name = Debug;
		};
		4F11D816255351FC0020B931 /* Release */ = {
			isa = XCBuildConfiguration;
			buildSettings = {
				ALWAYS_EMBED_SWIFT_STANDARD_LIBRARIES = YES;
				BUNDLE_LOADER = "$(TEST_HOST)";
				CODE_SIGN_STYLE = Automatic;
				DEVELOPMENT_TEAM = L9SZVFV7MR;
				INFOPLIST_FILE = gardenwarsTests/Info.plist;
				IPHONEOS_DEPLOYMENT_TARGET = 14.0;
				LD_RUNPATH_SEARCH_PATHS = (
					"$(inherited)",
					"@executable_path/Frameworks",
					"@loader_path/Frameworks",
				);
				PRODUCT_BUNDLE_IDENTIFIER = com.parkercoop.gardenwarsTests;
				PRODUCT_NAME = "$(TARGET_NAME)";
				SWIFT_VERSION = 5.0;
				TARGETED_DEVICE_FAMILY = "1,2";
				TEST_HOST = "$(BUILT_PRODUCTS_DIR)/gardenwars.app/gardenwars";
			};
			name = Release;
		};
		4F11D818255351FC0020B931 /* Debug */ = {
			isa = XCBuildConfiguration;
			buildSettings = {
				ALWAYS_EMBED_SWIFT_STANDARD_LIBRARIES = YES;
				CODE_SIGN_STYLE = Automatic;
				DEVELOPMENT_TEAM = L9SZVFV7MR;
				INFOPLIST_FILE = gardenwarsUITests/Info.plist;
				LD_RUNPATH_SEARCH_PATHS = (
					"$(inherited)",
					"@executable_path/Frameworks",
					"@loader_path/Frameworks",
				);
				PRODUCT_BUNDLE_IDENTIFIER = com.parkercoop.gardenwarsUITests;
				PRODUCT_NAME = "$(TARGET_NAME)";
				SWIFT_VERSION = 5.0;
				TARGETED_DEVICE_FAMILY = "1,2";
				TEST_TARGET_NAME = gardenwars;
			};
			name = Debug;
		};
		4F11D819255351FC0020B931 /* Release */ = {
			isa = XCBuildConfiguration;
			buildSettings = {
				ALWAYS_EMBED_SWIFT_STANDARD_LIBRARIES = YES;
				CODE_SIGN_STYLE = Automatic;
				DEVELOPMENT_TEAM = L9SZVFV7MR;
				INFOPLIST_FILE = gardenwarsUITests/Info.plist;
				LD_RUNPATH_SEARCH_PATHS = (
					"$(inherited)",
					"@executable_path/Frameworks",
					"@loader_path/Frameworks",
				);
				PRODUCT_BUNDLE_IDENTIFIER = com.parkercoop.gardenwarsUITests;
				PRODUCT_NAME = "$(TARGET_NAME)";
				SWIFT_VERSION = 5.0;
				TARGETED_DEVICE_FAMILY = "1,2";
				TEST_TARGET_NAME = gardenwars;
			};
			name = Release;
		};
/* End XCBuildConfiguration section */

/* Begin XCConfigurationList section */
		4F11D7E1255351FB0020B931 /* Build configuration list for PBXProject "gardenwars" */ = {
			isa = XCConfigurationList;
			buildConfigurations = (
				4F11D80F255351FC0020B931 /* Debug */,
				4F11D810255351FC0020B931 /* Release */,
			);
			defaultConfigurationIsVisible = 0;
			defaultConfigurationName = Release;
		};
		4F11D811255351FC0020B931 /* Build configuration list for PBXNativeTarget "Garden Wars" */ = {
			isa = XCConfigurationList;
			buildConfigurations = (
				4F11D812255351FC0020B931 /* Debug */,
				4F11D813255351FC0020B931 /* Release */,
			);
			defaultConfigurationIsVisible = 0;
			defaultConfigurationName = Release;
		};
		4F11D814255351FC0020B931 /* Build configuration list for PBXNativeTarget "gardenwarsTests" */ = {
			isa = XCConfigurationList;
			buildConfigurations = (
				4F11D815255351FC0020B931 /* Debug */,
				4F11D816255351FC0020B931 /* Release */,
			);
			defaultConfigurationIsVisible = 0;
			defaultConfigurationName = Release;
		};
		4F11D817255351FC0020B931 /* Build configuration list for PBXNativeTarget "gardenwarsUITests" */ = {
			isa = XCConfigurationList;
			buildConfigurations = (
				4F11D818255351FC0020B931 /* Debug */,
				4F11D819255351FC0020B931 /* Release */,
			);
			defaultConfigurationIsVisible = 0;
			defaultConfigurationName = Release;
		};
/* End XCConfigurationList section */
	};
	rootObject = 4F11D7DE255351FB0020B931 /* Project object */;
}
